// !$*UTF8*$!
{
	archiveVersion = 1;
	classes = {
	};
	objectVersion = 55;
	objects = {

/* Begin PBXBuildFile section */
		03398C6027DFDFCC001BC793 /* AppDelegate.swift in Sources */ = {isa = PBXBuildFile; fileRef = 03398C5F27DFDFCC001BC793 /* AppDelegate.swift */; };
		03398C6227DFDFCC001BC793 /* SceneDelegate.swift in Sources */ = {isa = PBXBuildFile; fileRef = 03398C6127DFDFCC001BC793 /* SceneDelegate.swift */; };
		03398C6927DFDFCD001BC793 /* Assets.xcassets in Resources */ = {isa = PBXBuildFile; fileRef = 03398C6827DFDFCD001BC793 /* Assets.xcassets */; };
		033B7248285880FC0090EEED /* WelcomeViewModel.swift in Sources */ = {isa = PBXBuildFile; fileRef = 033B7247285880FC0090EEED /* WelcomeViewModel.swift */; };
		033B724A285881310090EEED /* WelcomeModel.swift in Sources */ = {isa = PBXBuildFile; fileRef = 033B7249285881310090EEED /* WelcomeModel.swift */; };
		03947942283ECC47000E75C8 /* SignupViewController.swift in Sources */ = {isa = PBXBuildFile; fileRef = 0394793E283ECC47000E75C8 /* SignupViewController.swift */; };
		03947947283ECCBE000E75C8 /* Extensions.swift in Sources */ = {isa = PBXBuildFile; fileRef = 03947946283ECCBE000E75C8 /* Extensions.swift */; };
		03D392E228575D730004CB10 /* UserSessionRepository.swift in Sources */ = {isa = PBXBuildFile; fileRef = 03D392E128575D730004CB10 /* UserSessionRepository.swift */; };
		03D392EA2857604B0004CB10 /* TestimonialsCell.xib in Resources */ = {isa = PBXBuildFile; fileRef = 03D392E82857604B0004CB10 /* TestimonialsCell.xib */; };
		03D392EB2857604B0004CB10 /* TestimonialsCell.swift in Sources */ = {isa = PBXBuildFile; fileRef = 03D392E92857604B0004CB10 /* TestimonialsCell.swift */; };
		03D392ED285760AC0004CB10 /* Constants.swift in Sources */ = {isa = PBXBuildFile; fileRef = 03D392EC285760AC0004CB10 /* Constants.swift */; };
		090369412860B8D4002D90E6 /* MockTestimonialsSuccess.swift in Sources */ = {isa = PBXBuildFile; fileRef = 090369402860B8B9002D90E6 /* MockTestimonialsSuccess.swift */; };
		090369432860B8ED002D90E6 /* MockTestimonialsFail.swift in Sources */ = {isa = PBXBuildFile; fileRef = 090369422860B8ED002D90E6 /* MockTestimonialsFail.swift */; };
		090369472860B941002D90E6 /* TestimonialsMock.json in Resources */ = {isa = PBXBuildFile; fileRef = 090369462860B941002D90E6 /* TestimonialsMock.json */; };
		098D78AA2868C49F00F0B1FF /* LoginViewController.swift in Sources */ = {isa = PBXBuildFile; fileRef = 098D78A92868C49F00F0B1FF /* LoginViewController.swift */; };
		09B59D402869FDBF007CB25B /* SpinnerLoadingDelegate.swift in Sources */ = {isa = PBXBuildFile; fileRef = 09B59D3F2869FDBF007CB25B /* SpinnerLoadingDelegate.swift */; };
		40364FCC285FB72900180F15 /* ContactViewModel.swift in Sources */ = {isa = PBXBuildFile; fileRef = 40364FCB285FB72900180F15 /* ContactViewModel.swift */; };
		403C21AF284AD29900026635 /* ContainerController.swift in Sources */ = {isa = PBXBuildFile; fileRef = 403C21AE284AD29900026635 /* ContainerController.swift */; };
		403C21B1284AD2A400026635 /* MenuController.swift in Sources */ = {isa = PBXBuildFile; fileRef = 403C21B0284AD2A400026635 /* MenuController.swift */; };
		403C21C4284BD07800026635 /* MenuOption.swift in Sources */ = {isa = PBXBuildFile; fileRef = 403C21C3284BD07800026635 /* MenuOption.swift */; };
		403C21C6284BD09F00026635 /* MenuOptionCell.swift in Sources */ = {isa = PBXBuildFile; fileRef = 403C21C5284BD09F00026635 /* MenuOptionCell.swift */; };
		4040EADD285CF858006669E7 /* ContactViewController.swift in Sources */ = {isa = PBXBuildFile; fileRef = 4040EADC285CF858006669E7 /* ContactViewController.swift */; };
		4054DF81283EDE6F00E781B6 /* UserRegisterData.swift in Sources */ = {isa = PBXBuildFile; fileRef = 4054DF80283EDE6F00E781B6 /* UserRegisterData.swift */; };
		4054DF83283EDE8300E781B6 /* NewUser.swift in Sources */ = {isa = PBXBuildFile; fileRef = 4054DF82283EDE8300E781B6 /* NewUser.swift */; };
		4054DF85283EDF0C00E781B6 /* SignUpViewModel.swift in Sources */ = {isa = PBXBuildFile; fileRef = 4054DF84283EDF0C00E781B6 /* SignUpViewModel.swift */; };
		4054DF89283EE18F00E781B6 /* SignUpManager.swift in Sources */ = {isa = PBXBuildFile; fileRef = 4054DF88283EE18F00E781B6 /* SignUpManager.swift */; };
		4054DFAB283FEE9000E781B6 /* ServiceManagerSingleton.swift in Sources */ = {isa = PBXBuildFile; fileRef = 4054DFAA283FEE8F00E781B6 /* ServiceManagerSingleton.swift */; };
		40DED4412854075E004BD580 /* TestimonialsService.swift in Sources */ = {isa = PBXBuildFile; fileRef = 40DED4402854075E004BD580 /* TestimonialsService.swift */; };
		40DED443285407B9004BD580 /* TestimonialsResponse.swift in Sources */ = {isa = PBXBuildFile; fileRef = 40DED442285407B9004BD580 /* TestimonialsResponse.swift */; };
		A6470E527C25B4694F07B987 /* Pods_SwiftTemplate.framework in Frameworks */ = {isa = PBXBuildFile; fileRef = 19DC9E1E40C36079E44F490A /* Pods_SwiftTemplate.framework */; };
		F61DD9C3285050B5009F97FB /* NosotrosDetailViewController.swift in Sources */ = {isa = PBXBuildFile; fileRef = F61DD9C2285050B5009F97FB /* NosotrosDetailViewController.swift */; };
		F62BC7BD284FB1D2006C52B3 /* NosotrosViewController.swift in Sources */ = {isa = PBXBuildFile; fileRef = F62BC7BC284FB1D2006C52B3 /* NosotrosViewController.swift */; };
		F62BC7BF284FB88E006C52B3 /* ProfileCollectionViewCell.swift in Sources */ = {isa = PBXBuildFile; fileRef = F62BC7BE284FB88E006C52B3 /* ProfileCollectionViewCell.swift */; };
		F649B7922847CF5700541235 /* HomeViewController.swift in Sources */ = {isa = PBXBuildFile; fileRef = F649B7912847CF5700541235 /* HomeViewController.swift */; };
		F649B7962847FF4700541235 /* SeeMoreCollectionViewCell.swift in Sources */ = {isa = PBXBuildFile; fileRef = F649B7952847FF4700541235 /* SeeMoreCollectionViewCell.swift */; };
		F649B798284860D100541235 /* Test_Home_ViewModel.swift in Sources */ = {isa = PBXBuildFile; fileRef = F649B797284860D100541235 /* Test_Home_ViewModel.swift */; };
		F65619CF28617354007D0620 /* GoogleService-Info.plist in Resources */ = {isa = PBXBuildFile; fileRef = F65619CE28617354007D0620 /* GoogleService-Info.plist */; };
		F66387F22846791000E078BF /* HomeViewModel.swift in Sources */ = {isa = PBXBuildFile; fileRef = F66387F12846791000E078BF /* HomeViewModel.swift */; };
		F66387F92846AE8F00E078BF /* NewsCollectionViewCell.swift in Sources */ = {isa = PBXBuildFile; fileRef = F66387F82846AE8F00E078BF /* NewsCollectionViewCell.swift */; };
		F66A1738283DCF6A0064DD56 /* (null) in Sources */ = {isa = PBXBuildFile; };
		F66A1739283DCF6A0064DD56 /* (null) in Sources */ = {isa = PBXBuildFile; };
		F66C6BE9284DAEAE00E21542 /* MockNewsServiceSuccess.swift in Sources */ = {isa = PBXBuildFile; fileRef = F66C6BE8284DAEAE00E21542 /* MockNewsServiceSuccess.swift */; };
		F66C6BEB284DBE4A00E21542 /* MockNewsServiceFail.swift in Sources */ = {isa = PBXBuildFile; fileRef = F66C6BEA284DBE4A00E21542 /* MockNewsServiceFail.swift */; };
		F6725D8E28621B2B00BA88B7 /* TrackerAnalytics.swift in Sources */ = {isa = PBXBuildFile; fileRef = F6725D8D28621B2B00BA88B7 /* TrackerAnalytics.swift */; };
		F678B937285A4071007520AB /* CustomLabel.swift in Sources */ = {isa = PBXBuildFile; fileRef = F678B936285A4071007520AB /* CustomLabel.swift */; };
		F678B939285A440D007520AB /* CustomButton.swift in Sources */ = {isa = PBXBuildFile; fileRef = F678B938285A440D007520AB /* CustomButton.swift */; };
		F678B93B285A6443007520AB /* CustomImage.swift in Sources */ = {isa = PBXBuildFile; fileRef = F678B93A285A6443007520AB /* CustomImage.swift */; };
		F692AD8D285D87BA00CF0F35 /* Test_Signup_ViewModel.swift in Sources */ = {isa = PBXBuildFile; fileRef = F692AD8C285D87BA00CF0F35 /* Test_Signup_ViewModel.swift */; };
		F6BC67C7284E9BC5006FB210 /* NewsMock.json in Resources */ = {isa = PBXBuildFile; fileRef = F6BC67C6284E9BC5006FB210 /* NewsMock.json */; };
		F6C342C22845BF2D005F877F /* NewsResponse.swift in Sources */ = {isa = PBXBuildFile; fileRef = F6C342C12845BF2D005F877F /* NewsResponse.swift */; };
		F6C342C42845C18E005F877F /* NewsService.swift in Sources */ = {isa = PBXBuildFile; fileRef = F6C342C32845C18E005F877F /* NewsService.swift */; };
		F6EDEF1F2845227100BB49B9 /* Test_API_Login.swift in Sources */ = {isa = PBXBuildFile; fileRef = F6EDEF1E2845227100BB49B9 /* Test_API_Login.swift */; };
		F6EDEF332845236C00BB49B9 /* LoginViewModel.swift in Sources */ = {isa = PBXBuildFile; fileRef = F6EDEF222845236C00BB49B9 /* LoginViewModel.swift */; };
		F6EDEF342845236C00BB49B9 /* LoginUser.swift in Sources */ = {isa = PBXBuildFile; fileRef = F6EDEF242845236C00BB49B9 /* LoginUser.swift */; };
		F6EDEF352845236C00BB49B9 /* LoginUserResponse.swift in Sources */ = {isa = PBXBuildFile; fileRef = F6EDEF252845236C00BB49B9 /* LoginUserResponse.swift */; };
		F6EDEF402845236C00BB49B9 /* LoginService.swift in Sources */ = {isa = PBXBuildFile; fileRef = F6EDEF322845236C00BB49B9 /* LoginService.swift */; };
		F6EDEF422845238300BB49B9 /* ApiError.swift in Sources */ = {isa = PBXBuildFile; fileRef = F6EDEF412845238300BB49B9 /* ApiError.swift */; };
		F6EDEF462845252100BB49B9 /* ApiManager.swift in Sources */ = {isa = PBXBuildFile; fileRef = F6EDEF452845252000BB49B9 /* ApiManager.swift */; };
/* End PBXBuildFile section */

/* Begin PBXContainerItemProxy section */
		F6EDEF192845225B00BB49B9 /* PBXContainerItemProxy */ = {
			isa = PBXContainerItemProxy;
			containerPortal = 03398C5427DFDFCC001BC793 /* Project object */;
			proxyType = 1;
			remoteGlobalIDString = 03398C5B27DFDFCC001BC793;
			remoteInfo = SwiftTemplate;
		};
/* End PBXContainerItemProxy section */

/* Begin PBXFileReference section */
		03398C5C27DFDFCC001BC793 /* SwiftTemplate.app */ = {isa = PBXFileReference; explicitFileType = wrapper.application; includeInIndex = 0; path = SwiftTemplate.app; sourceTree = BUILT_PRODUCTS_DIR; };
		03398C5F27DFDFCC001BC793 /* AppDelegate.swift */ = {isa = PBXFileReference; lastKnownFileType = sourcecode.swift; path = AppDelegate.swift; sourceTree = "<group>"; };
		03398C6127DFDFCC001BC793 /* SceneDelegate.swift */ = {isa = PBXFileReference; lastKnownFileType = sourcecode.swift; path = SceneDelegate.swift; sourceTree = "<group>"; };
		03398C6827DFDFCD001BC793 /* Assets.xcassets */ = {isa = PBXFileReference; lastKnownFileType = folder.assetcatalog; path = Assets.xcassets; sourceTree = "<group>"; };
		03398C6D27DFDFCD001BC793 /* Info.plist */ = {isa = PBXFileReference; lastKnownFileType = text.plist.xml; path = Info.plist; sourceTree = "<group>"; };
		033B7247285880FC0090EEED /* WelcomeViewModel.swift */ = {isa = PBXFileReference; fileEncoding = 4; lastKnownFileType = sourcecode.swift; path = WelcomeViewModel.swift; sourceTree = "<group>"; };
		033B7249285881310090EEED /* WelcomeModel.swift */ = {isa = PBXFileReference; fileEncoding = 4; lastKnownFileType = sourcecode.swift; path = WelcomeModel.swift; sourceTree = "<group>"; };
		0394793E283ECC47000E75C8 /* SignupViewController.swift */ = {isa = PBXFileReference; fileEncoding = 4; lastKnownFileType = sourcecode.swift; path = SignupViewController.swift; sourceTree = "<group>"; };
		03947946283ECCBE000E75C8 /* Extensions.swift */ = {isa = PBXFileReference; fileEncoding = 4; lastKnownFileType = sourcecode.swift; path = Extensions.swift; sourceTree = "<group>"; };
		03D392E128575D730004CB10 /* UserSessionRepository.swift */ = {isa = PBXFileReference; fileEncoding = 4; lastKnownFileType = sourcecode.swift; path = UserSessionRepository.swift; sourceTree = "<group>"; };
		03D392E82857604B0004CB10 /* TestimonialsCell.xib */ = {isa = PBXFileReference; fileEncoding = 4; lastKnownFileType = file.xib; path = TestimonialsCell.xib; sourceTree = "<group>"; };
		03D392E92857604B0004CB10 /* TestimonialsCell.swift */ = {isa = PBXFileReference; fileEncoding = 4; lastKnownFileType = sourcecode.swift; path = TestimonialsCell.swift; sourceTree = "<group>"; };
		03D392EC285760AC0004CB10 /* Constants.swift */ = {isa = PBXFileReference; fileEncoding = 4; lastKnownFileType = sourcecode.swift; path = Constants.swift; sourceTree = "<group>"; };
		090369402860B8B9002D90E6 /* MockTestimonialsSuccess.swift */ = {isa = PBXFileReference; fileEncoding = 4; lastKnownFileType = sourcecode.swift; path = MockTestimonialsSuccess.swift; sourceTree = "<group>"; };
		090369422860B8ED002D90E6 /* MockTestimonialsFail.swift */ = {isa = PBXFileReference; fileEncoding = 4; lastKnownFileType = sourcecode.swift; path = MockTestimonialsFail.swift; sourceTree = "<group>"; };
		090369462860B941002D90E6 /* TestimonialsMock.json */ = {isa = PBXFileReference; fileEncoding = 4; lastKnownFileType = text.json; path = TestimonialsMock.json; sourceTree = "<group>"; };
		098D78A92868C49F00F0B1FF /* LoginViewController.swift */ = {isa = PBXFileReference; lastKnownFileType = sourcecode.swift; path = LoginViewController.swift; sourceTree = "<group>"; };
		09B59D3F2869FDBF007CB25B /* SpinnerLoadingDelegate.swift */ = {isa = PBXFileReference; lastKnownFileType = sourcecode.swift; path = SpinnerLoadingDelegate.swift; sourceTree = "<group>"; };
		19DC9E1E40C36079E44F490A /* Pods_SwiftTemplate.framework */ = {isa = PBXFileReference; explicitFileType = wrapper.framework; includeInIndex = 0; path = Pods_SwiftTemplate.framework; sourceTree = BUILT_PRODUCTS_DIR; };
		40364FCB285FB72900180F15 /* ContactViewModel.swift */ = {isa = PBXFileReference; lastKnownFileType = sourcecode.swift; path = ContactViewModel.swift; sourceTree = "<group>"; };
		403C21AE284AD29900026635 /* ContainerController.swift */ = {isa = PBXFileReference; lastKnownFileType = sourcecode.swift; path = ContainerController.swift; sourceTree = "<group>"; };
		403C21B0284AD2A400026635 /* MenuController.swift */ = {isa = PBXFileReference; lastKnownFileType = sourcecode.swift; path = MenuController.swift; sourceTree = "<group>"; };
		403C21C3284BD07800026635 /* MenuOption.swift */ = {isa = PBXFileReference; lastKnownFileType = sourcecode.swift; path = MenuOption.swift; sourceTree = "<group>"; };
		403C21C5284BD09F00026635 /* MenuOptionCell.swift */ = {isa = PBXFileReference; lastKnownFileType = sourcecode.swift; path = MenuOptionCell.swift; sourceTree = "<group>"; };
		4040EADC285CF858006669E7 /* ContactViewController.swift */ = {isa = PBXFileReference; lastKnownFileType = sourcecode.swift; path = ContactViewController.swift; sourceTree = "<group>"; };
		4054DF80283EDE6F00E781B6 /* UserRegisterData.swift */ = {isa = PBXFileReference; lastKnownFileType = sourcecode.swift; path = UserRegisterData.swift; sourceTree = "<group>"; };
		4054DF82283EDE8300E781B6 /* NewUser.swift */ = {isa = PBXFileReference; lastKnownFileType = sourcecode.swift; path = NewUser.swift; sourceTree = "<group>"; };
		4054DF84283EDF0C00E781B6 /* SignUpViewModel.swift */ = {isa = PBXFileReference; lastKnownFileType = sourcecode.swift; path = SignUpViewModel.swift; sourceTree = "<group>"; };
		4054DF88283EE18F00E781B6 /* SignUpManager.swift */ = {isa = PBXFileReference; lastKnownFileType = sourcecode.swift; path = SignUpManager.swift; sourceTree = "<group>"; };
		4054DFAA283FEE8F00E781B6 /* ServiceManagerSingleton.swift */ = {isa = PBXFileReference; lastKnownFileType = sourcecode.swift; path = ServiceManagerSingleton.swift; sourceTree = "<group>"; };
		40DED4402854075E004BD580 /* TestimonialsService.swift */ = {isa = PBXFileReference; lastKnownFileType = sourcecode.swift; path = TestimonialsService.swift; sourceTree = "<group>"; };
		40DED442285407B9004BD580 /* TestimonialsResponse.swift */ = {isa = PBXFileReference; lastKnownFileType = sourcecode.swift; path = TestimonialsResponse.swift; sourceTree = "<group>"; };
		54065947B66C7BED0004E9F4 /* Pods-SwiftTemplate.release.xcconfig */ = {isa = PBXFileReference; includeInIndex = 1; lastKnownFileType = text.xcconfig; name = "Pods-SwiftTemplate.release.xcconfig"; path = "Target Support Files/Pods-SwiftTemplate/Pods-SwiftTemplate.release.xcconfig"; sourceTree = "<group>"; };
		A44B2E4CE22C626FA79CD586 /* Pods-SwiftTemplate.debug.xcconfig */ = {isa = PBXFileReference; includeInIndex = 1; lastKnownFileType = text.xcconfig; name = "Pods-SwiftTemplate.debug.xcconfig"; path = "Target Support Files/Pods-SwiftTemplate/Pods-SwiftTemplate.debug.xcconfig"; sourceTree = "<group>"; };
		F61DD9C2285050B5009F97FB /* NosotrosDetailViewController.swift */ = {isa = PBXFileReference; lastKnownFileType = sourcecode.swift; path = NosotrosDetailViewController.swift; sourceTree = "<group>"; };
		F62BC7BC284FB1D2006C52B3 /* NosotrosViewController.swift */ = {isa = PBXFileReference; lastKnownFileType = sourcecode.swift; path = NosotrosViewController.swift; sourceTree = "<group>"; };
		F62BC7BE284FB88E006C52B3 /* ProfileCollectionViewCell.swift */ = {isa = PBXFileReference; lastKnownFileType = sourcecode.swift; path = ProfileCollectionViewCell.swift; sourceTree = "<group>"; };
		F649B7912847CF5700541235 /* HomeViewController.swift */ = {isa = PBXFileReference; lastKnownFileType = sourcecode.swift; path = HomeViewController.swift; sourceTree = "<group>"; };
		F649B7952847FF4700541235 /* SeeMoreCollectionViewCell.swift */ = {isa = PBXFileReference; lastKnownFileType = sourcecode.swift; path = SeeMoreCollectionViewCell.swift; sourceTree = "<group>"; };
		F649B797284860D100541235 /* Test_Home_ViewModel.swift */ = {isa = PBXFileReference; lastKnownFileType = sourcecode.swift; path = Test_Home_ViewModel.swift; sourceTree = "<group>"; };
		F65619CE28617354007D0620 /* GoogleService-Info.plist */ = {isa = PBXFileReference; fileEncoding = 4; lastKnownFileType = text.plist.xml; path = "GoogleService-Info.plist"; sourceTree = "<group>"; };
		F66387F12846791000E078BF /* HomeViewModel.swift */ = {isa = PBXFileReference; lastKnownFileType = sourcecode.swift; path = HomeViewModel.swift; sourceTree = "<group>"; };
		F66387F82846AE8F00E078BF /* NewsCollectionViewCell.swift */ = {isa = PBXFileReference; lastKnownFileType = sourcecode.swift; path = NewsCollectionViewCell.swift; sourceTree = "<group>"; };
		F66C6BE8284DAEAE00E21542 /* MockNewsServiceSuccess.swift */ = {isa = PBXFileReference; lastKnownFileType = sourcecode.swift; path = MockNewsServiceSuccess.swift; sourceTree = "<group>"; };
		F66C6BEA284DBE4A00E21542 /* MockNewsServiceFail.swift */ = {isa = PBXFileReference; lastKnownFileType = sourcecode.swift; path = MockNewsServiceFail.swift; sourceTree = "<group>"; };
		F6725D8D28621B2B00BA88B7 /* TrackerAnalytics.swift */ = {isa = PBXFileReference; lastKnownFileType = sourcecode.swift; path = TrackerAnalytics.swift; sourceTree = "<group>"; };
		F678B936285A4071007520AB /* CustomLabel.swift */ = {isa = PBXFileReference; lastKnownFileType = sourcecode.swift; path = CustomLabel.swift; sourceTree = "<group>"; };
		F678B938285A440D007520AB /* CustomButton.swift */ = {isa = PBXFileReference; lastKnownFileType = sourcecode.swift; path = CustomButton.swift; sourceTree = "<group>"; };
		F678B93A285A6443007520AB /* CustomImage.swift */ = {isa = PBXFileReference; lastKnownFileType = sourcecode.swift; path = CustomImage.swift; sourceTree = "<group>"; };
		F692AD8C285D87BA00CF0F35 /* Test_Signup_ViewModel.swift */ = {isa = PBXFileReference; lastKnownFileType = sourcecode.swift; path = Test_Signup_ViewModel.swift; sourceTree = "<group>"; };
		F6BC67C6284E9BC5006FB210 /* NewsMock.json */ = {isa = PBXFileReference; lastKnownFileType = text.json; path = NewsMock.json; sourceTree = "<group>"; };
		F6C342C12845BF2D005F877F /* NewsResponse.swift */ = {isa = PBXFileReference; lastKnownFileType = sourcecode.swift; path = NewsResponse.swift; sourceTree = "<group>"; };
		F6C342C32845C18E005F877F /* NewsService.swift */ = {isa = PBXFileReference; lastKnownFileType = sourcecode.swift; path = NewsService.swift; sourceTree = "<group>"; };
		F6EDEF152845225B00BB49B9 /* Test.xctest */ = {isa = PBXFileReference; explicitFileType = wrapper.cfbundle; includeInIndex = 0; path = Test.xctest; sourceTree = BUILT_PRODUCTS_DIR; };
		F6EDEF1E2845227100BB49B9 /* Test_API_Login.swift */ = {isa = PBXFileReference; fileEncoding = 4; lastKnownFileType = sourcecode.swift; path = Test_API_Login.swift; sourceTree = "<group>"; };
		F6EDEF222845236C00BB49B9 /* LoginViewModel.swift */ = {isa = PBXFileReference; fileEncoding = 4; lastKnownFileType = sourcecode.swift; path = LoginViewModel.swift; sourceTree = "<group>"; };
		F6EDEF242845236C00BB49B9 /* LoginUser.swift */ = {isa = PBXFileReference; fileEncoding = 4; lastKnownFileType = sourcecode.swift; path = LoginUser.swift; sourceTree = "<group>"; };
		F6EDEF252845236C00BB49B9 /* LoginUserResponse.swift */ = {isa = PBXFileReference; fileEncoding = 4; lastKnownFileType = sourcecode.swift; path = LoginUserResponse.swift; sourceTree = "<group>"; };
		F6EDEF322845236C00BB49B9 /* LoginService.swift */ = {isa = PBXFileReference; fileEncoding = 4; lastKnownFileType = sourcecode.swift; path = LoginService.swift; sourceTree = "<group>"; };
		F6EDEF412845238300BB49B9 /* ApiError.swift */ = {isa = PBXFileReference; fileEncoding = 4; lastKnownFileType = sourcecode.swift; path = ApiError.swift; sourceTree = "<group>"; };
		F6EDEF452845252000BB49B9 /* ApiManager.swift */ = {isa = PBXFileReference; fileEncoding = 4; lastKnownFileType = sourcecode.swift; path = ApiManager.swift; sourceTree = "<group>"; };
/* End PBXFileReference section */

/* Begin PBXFrameworksBuildPhase section */
		03398C5927DFDFCC001BC793 /* Frameworks */ = {
			isa = PBXFrameworksBuildPhase;
			buildActionMask = 2147483647;
			files = (
				A6470E527C25B4694F07B987 /* Pods_SwiftTemplate.framework in Frameworks */,
			);
			runOnlyForDeploymentPostprocessing = 0;
		};
		F6EDEF122845225B00BB49B9 /* Frameworks */ = {
			isa = PBXFrameworksBuildPhase;
			buildActionMask = 2147483647;
			files = (
			);
			runOnlyForDeploymentPostprocessing = 0;
		};
/* End PBXFrameworksBuildPhase section */

/* Begin PBXGroup section */
		03398C5327DFDFCC001BC793 = {
			isa = PBXGroup;
			children = (
				03398C5E27DFDFCC001BC793 /* SwiftTemplate */,
				F6EDEF162845225B00BB49B9 /* Test */,
				03398C5D27DFDFCC001BC793 /* Products */,
				3DB6AFA112805A9E1C12E06A /* Pods */,
				D09B5ACF9F2EC811C05BA0E5 /* Frameworks */,
			);
			sourceTree = "<group>";
		};
		03398C5D27DFDFCC001BC793 /* Products */ = {
			isa = PBXGroup;
			children = (
				03398C5C27DFDFCC001BC793 /* SwiftTemplate.app */,
				F6EDEF152845225B00BB49B9 /* Test.xctest */,
			);
			name = Products;
			sourceTree = "<group>";
		};
		03398C5E27DFDFCC001BC793 /* SwiftTemplate */ = {
			isa = PBXGroup;
			children = (
				F6EDEF432845252000BB49B9 /* Shared */,
				03C194392844E2F300D0D6CE /* Modules */,
				03947945283ECCBE000E75C8 /* Utils */,
				03398C5F27DFDFCC001BC793 /* AppDelegate.swift */,
				F6BC67C8284E9DDF006FB210 /* MockData */,
				03398C6127DFDFCC001BC793 /* SceneDelegate.swift */,
				03398C6827DFDFCD001BC793 /* Assets.xcassets */,
				03398C6D27DFDFCD001BC793 /* Info.plist */,
				F65619CE28617354007D0620 /* GoogleService-Info.plist */,
			);
			path = SwiftTemplate;
			sourceTree = "<group>";
		};
		0394793C283ECC47000E75C8 /* Signup */ = {
			isa = PBXGroup;
			children = (
				4054DF87283EE17C00E781B6 /* Service */,
				4054DF7F283EDE5D00E781B6 /* Models */,
				0394793D283ECC47000E75C8 /* View */,
				4054DF86283EDF2300E781B6 /* ViewModel */,
			);
			path = Signup;
			sourceTree = "<group>";
		};
		0394793D283ECC47000E75C8 /* View */ = {
			isa = PBXGroup;
			children = (
				0394793E283ECC47000E75C8 /* SignupViewController.swift */,
			);
			path = View;
			sourceTree = "<group>";
		};
		03947945283ECCBE000E75C8 /* Utils */ = {
			isa = PBXGroup;
			children = (
				F6EDEF412845238300BB49B9 /* ApiError.swift */,
				03947946283ECCBE000E75C8 /* Extensions.swift */,
				F6725D8D28621B2B00BA88B7 /* TrackerAnalytics.swift */,
				09B59D3F2869FDBF007CB25B /* SpinnerLoadingDelegate.swift */,
			);
			path = Utils;
			sourceTree = "<group>";
		};
		03C194392844E2F300D0D6CE /* Modules */ = {
			isa = PBXGroup;
			children = (
				03D392E028575D730004CB10 /* Onboarding */,
				F6EDEF202845236C00BB49B9 /* Login */,
				0394793C283ECC47000E75C8 /* Signup */,
				F6C342BC2845BE72005F877F /* Home */,
				F62BC7B7284FB15B006C52B3 /* Nosotros */,
				4040EADB285CF838006669E7 /* Contact */,
			);
			path = Modules;
			sourceTree = "<group>";
		};
		03D392E028575D730004CB10 /* Onboarding */ = {
			isa = PBXGroup;
			children = (
				03D392E128575D730004CB10 /* UserSessionRepository.swift */,
			);
			path = Onboarding;
			sourceTree = "<group>";
		};
		03D392E72857604B0004CB10 /* Testimonials */ = {
			isa = PBXGroup;
			children = (
				03D392E82857604B0004CB10 /* TestimonialsCell.xib */,
				03D392E92857604B0004CB10 /* TestimonialsCell.swift */,
			);
			path = Testimonials;
			sourceTree = "<group>";
		};
		3DB6AFA112805A9E1C12E06A /* Pods */ = {
			isa = PBXGroup;
			children = (
				A44B2E4CE22C626FA79CD586 /* Pods-SwiftTemplate.debug.xcconfig */,
				54065947B66C7BED0004E9F4 /* Pods-SwiftTemplate.release.xcconfig */,
			);
			path = Pods;
			sourceTree = "<group>";
		};
		40364FCD285FB72E00180F15 /* ViewModel */ = {
			isa = PBXGroup;
			children = (
				40364FCB285FB72900180F15 /* ContactViewModel.swift */,
			);
			path = ViewModel;
			sourceTree = "<group>";
		};
		4040EADA285CF7E9006669E7 /* View */ = {
			isa = PBXGroup;
			children = (
				4040EADC285CF858006669E7 /* ContactViewController.swift */,
			);
			path = View;
			sourceTree = "<group>";
		};
		4040EADB285CF838006669E7 /* Contact */ = {
			isa = PBXGroup;
			children = (
				4040EADA285CF7E9006669E7 /* View */,
				40364FCD285FB72E00180F15 /* ViewModel */,
			);
			path = Contact;
			sourceTree = "<group>";
		};
		4050AAA7284D9ED3004B16B1 /* SideMenu */ = {
			isa = PBXGroup;
			children = (
				403C21B0284AD2A400026635 /* MenuController.swift */,
				403C21AE284AD29900026635 /* ContainerController.swift */,
				403C21C5284BD09F00026635 /* MenuOptionCell.swift */,
			);
			path = SideMenu;
			sourceTree = "<group>";
		};
		4054DF7F283EDE5D00E781B6 /* Models */ = {
			isa = PBXGroup;
			children = (
				4054DF80283EDE6F00E781B6 /* UserRegisterData.swift */,
				4054DF82283EDE8300E781B6 /* NewUser.swift */,
			);
			path = Models;
			sourceTree = "<group>";
		};
		4054DF86283EDF2300E781B6 /* ViewModel */ = {
			isa = PBXGroup;
			children = (
				4054DF84283EDF0C00E781B6 /* SignUpViewModel.swift */,
			);
			path = ViewModel;
			sourceTree = "<group>";
		};
		4054DF87283EE17C00E781B6 /* Service */ = {
			isa = PBXGroup;
			children = (
				4054DF88283EE18F00E781B6 /* SignUpManager.swift */,
				4054DFAA283FEE8F00E781B6 /* ServiceManagerSingleton.swift */,
			);
			path = Service;
			sourceTree = "<group>";
		};
		D09B5ACF9F2EC811C05BA0E5 /* Frameworks */ = {
			isa = PBXGroup;
			children = (
				19DC9E1E40C36079E44F490A /* Pods_SwiftTemplate.framework */,
			);
			name = Frameworks;
			sourceTree = "<group>";
		};
		F62BC7B7284FB15B006C52B3 /* Nosotros */ = {
			isa = PBXGroup;
			children = (
				F62BC7BB284FB17C006C52B3 /* Model */,
				F62BC7BA284FB179006C52B3 /* View */,
				F62BC7B9284FB171006C52B3 /* ViewModel */,
				F62BC7B8284FB16E006C52B3 /* Service */,
			);
			path = Nosotros;
			sourceTree = "<group>";
		};
		F62BC7B8284FB16E006C52B3 /* Service */ = {
			isa = PBXGroup;
			children = (
			);
			path = Service;
			sourceTree = "<group>";
		};
		F62BC7B9284FB171006C52B3 /* ViewModel */ = {
			isa = PBXGroup;
			children = (
			);
			path = ViewModel;
			sourceTree = "<group>";
		};
		F62BC7BA284FB179006C52B3 /* View */ = {
			isa = PBXGroup;
			children = (
				F62BC7BC284FB1D2006C52B3 /* NosotrosViewController.swift */,
				F62BC7BE284FB88E006C52B3 /* ProfileCollectionViewCell.swift */,
				F61DD9C2285050B5009F97FB /* NosotrosDetailViewController.swift */,
			);
			path = View;
			sourceTree = "<group>";
		};
		F62BC7BB284FB17C006C52B3 /* Model */ = {
			isa = PBXGroup;
			children = (
			);
			path = Model;
			sourceTree = "<group>";
		};
		F66387F52846865800E078BF /* News */ = {
			isa = PBXGroup;
			children = (
				F66387F82846AE8F00E078BF /* NewsCollectionViewCell.swift */,
				F649B7952847FF4700541235 /* SeeMoreCollectionViewCell.swift */,
			);
			path = News;
			sourceTree = "<group>";
		};
		F6BC67C8284E9DDF006FB210 /* MockData */ = {
			isa = PBXGroup;
			children = (
				090369462860B941002D90E6 /* TestimonialsMock.json */,
				F6BC67C6284E9BC5006FB210 /* NewsMock.json */,
			);
			path = MockData;
			sourceTree = "<group>";
		};
		F6C342BC2845BE72005F877F /* Home */ = {
			isa = PBXGroup;
			children = (
				F6C342BE2845BE86005F877F /* Model */,
				F6C342BF2845BE8D005F877F /* View */,
				F6C342BD2845BE7F005F877F /* ViewModel */,
				F6C342C02845BE96005F877F /* Service */,
			);
			path = Home;
			sourceTree = "<group>";
		};
		F6C342BD2845BE7F005F877F /* ViewModel */ = {
			isa = PBXGroup;
			children = (
				F66387F12846791000E078BF /* HomeViewModel.swift */,
				033B7247285880FC0090EEED /* WelcomeViewModel.swift */,
			);
			path = ViewModel;
			sourceTree = "<group>";
		};
		F6C342BE2845BE86005F877F /* Model */ = {
			isa = PBXGroup;
			children = (
				403C21C3284BD07800026635 /* MenuOption.swift */,
				F6C342C12845BF2D005F877F /* NewsResponse.swift */,
				033B7249285881310090EEED /* WelcomeModel.swift */,
				40DED442285407B9004BD580 /* TestimonialsResponse.swift */,
			);
			path = Model;
			sourceTree = "<group>";
		};
		F6C342BF2845BE8D005F877F /* View */ = {
			isa = PBXGroup;
			children = (
				F6EDAC392859846B00098546 /* CustomViews */,
				F649B7912847CF5700541235 /* HomeViewController.swift */,
				4050AAA7284D9ED3004B16B1 /* SideMenu */,
				F66387F52846865800E078BF /* News */,
				03D392E72857604B0004CB10 /* Testimonials */,
			);
			path = View;
			sourceTree = "<group>";
		};
		F6C342C02845BE96005F877F /* Service */ = {
			isa = PBXGroup;
			children = (
				F6C342C32845C18E005F877F /* NewsService.swift */,
				40DED4402854075E004BD580 /* TestimonialsService.swift */,
			);
			path = Service;
			sourceTree = "<group>";
		};
		F6EDAC392859846B00098546 /* CustomViews */ = {
			isa = PBXGroup;
			children = (
				F678B936285A4071007520AB /* CustomLabel.swift */,
				F678B938285A440D007520AB /* CustomButton.swift */,
				F678B93A285A6443007520AB /* CustomImage.swift */,
			);
			path = CustomViews;
			sourceTree = "<group>";
		};
		F6EDEF162845225B00BB49B9 /* Test */ = {
			isa = PBXGroup;
			children = (
				F6EDEF1E2845227100BB49B9 /* Test_API_Login.swift */,
				F649B797284860D100541235 /* Test_Home_ViewModel.swift */,
				090369402860B8B9002D90E6 /* MockTestimonialsSuccess.swift */,
				090369422860B8ED002D90E6 /* MockTestimonialsFail.swift */,
				F66C6BE8284DAEAE00E21542 /* MockNewsServiceSuccess.swift */,
				F66C6BEA284DBE4A00E21542 /* MockNewsServiceFail.swift */,
				F692AD8C285D87BA00CF0F35 /* Test_Signup_ViewModel.swift */,
			);
			path = Test;
			sourceTree = "<group>";
		};
		F6EDEF202845236C00BB49B9 /* Login */ = {
			isa = PBXGroup;
			children = (
				F6EDEF212845236C00BB49B9 /* ViewModel */,
				F6EDEF232845236C00BB49B9 /* Model */,
				F6EDEF262845236C00BB49B9 /* View */,
				F6EDEF312845236C00BB49B9 /* Service */,
			);
			name = Login;
			path = SwiftTemplate/Modules/Login;
			sourceTree = SOURCE_ROOT;
		};
		F6EDEF212845236C00BB49B9 /* ViewModel */ = {
			isa = PBXGroup;
			children = (
				F6EDEF222845236C00BB49B9 /* LoginViewModel.swift */,
			);
			path = ViewModel;
			sourceTree = "<group>";
		};
		F6EDEF232845236C00BB49B9 /* Model */ = {
			isa = PBXGroup;
			children = (
				F6EDEF242845236C00BB49B9 /* LoginUser.swift */,
				F6EDEF252845236C00BB49B9 /* LoginUserResponse.swift */,
			);
			path = Model;
			sourceTree = "<group>";
		};
		F6EDEF262845236C00BB49B9 /* View */ = {
			isa = PBXGroup;
			children = (
				098D78A92868C49F00F0B1FF /* LoginViewController.swift */,
			);
			path = View;
			sourceTree = "<group>";
		};
		F6EDEF312845236C00BB49B9 /* Service */ = {
			isa = PBXGroup;
			children = (
				F6EDEF322845236C00BB49B9 /* LoginService.swift */,
			);
			path = Service;
			sourceTree = "<group>";
		};
		F6EDEF432845252000BB49B9 /* Shared */ = {
			isa = PBXGroup;
			children = (
				03D392EC285760AC0004CB10 /* Constants.swift */,
				F6EDEF442845252000BB49B9 /* Service */,
			);
			path = Shared;
			sourceTree = "<group>";
		};
		F6EDEF442845252000BB49B9 /* Service */ = {
			isa = PBXGroup;
			children = (
				F6EDEF452845252000BB49B9 /* ApiManager.swift */,
			);
			path = Service;
			sourceTree = "<group>";
		};
/* End PBXGroup section */

/* Begin PBXNativeTarget section */
		03398C5B27DFDFCC001BC793 /* SwiftTemplate */ = {
			isa = PBXNativeTarget;
			buildConfigurationList = 03398C7027DFDFCD001BC793 /* Build configuration list for PBXNativeTarget "SwiftTemplate" */;
			buildPhases = (
				7C2DE07970FD02B3E7F7A7C5 /* [CP] Check Pods Manifest.lock */,
				03398C5827DFDFCC001BC793 /* Sources */,
				03398C5927DFDFCC001BC793 /* Frameworks */,
				03398C5A27DFDFCC001BC793 /* Resources */,
				DF3538A91AF7E4B2797D6DFE /* [CP] Embed Pods Frameworks */,
				F65619D028617805007D0620 /* Run Script */,
			);
			buildRules = (
			);
			dependencies = (
			);
			name = SwiftTemplate;
			productName = SwiftTemplate;
			productReference = 03398C5C27DFDFCC001BC793 /* SwiftTemplate.app */;
			productType = "com.apple.product-type.application";
		};
		F6EDEF142845225B00BB49B9 /* Test */ = {
			isa = PBXNativeTarget;
			buildConfigurationList = F6EDEF1B2845225B00BB49B9 /* Build configuration list for PBXNativeTarget "Test" */;
			buildPhases = (
				F6EDEF112845225B00BB49B9 /* Sources */,
				F6EDEF122845225B00BB49B9 /* Frameworks */,
				F6EDEF132845225B00BB49B9 /* Resources */,
			);
			buildRules = (
			);
			dependencies = (
				F6EDEF1A2845225B00BB49B9 /* PBXTargetDependency */,
			);
			name = Test;
			productName = Test_API_Login;
			productReference = F6EDEF152845225B00BB49B9 /* Test.xctest */;
			productType = "com.apple.product-type.bundle.unit-test";
		};
/* End PBXNativeTarget section */

/* Begin PBXProject section */
		03398C5427DFDFCC001BC793 /* Project object */ = {
			isa = PBXProject;
			attributes = {
				BuildIndependentTargetsInParallel = 1;
				LastSwiftUpdateCheck = 1330;
				LastUpgradeCheck = 1320;
				TargetAttributes = {
					03398C5B27DFDFCC001BC793 = {
						CreatedOnToolsVersion = 13.2.1;
					};
					F6EDEF142845225B00BB49B9 = {
						CreatedOnToolsVersion = 13.3.1;
						TestTargetID = 03398C5B27DFDFCC001BC793;
					};
				};
			};
			buildConfigurationList = 03398C5727DFDFCC001BC793 /* Build configuration list for PBXProject "SwiftTemplate" */;
			compatibilityVersion = "Xcode 13.0";
			developmentRegion = en;
			hasScannedForEncodings = 0;
			knownRegions = (
				en,
				Base,
			);
			mainGroup = 03398C5327DFDFCC001BC793;
			productRefGroup = 03398C5D27DFDFCC001BC793 /* Products */;
			projectDirPath = "";
			projectRoot = "";
			targets = (
				03398C5B27DFDFCC001BC793 /* SwiftTemplate */,
				F6EDEF142845225B00BB49B9 /* Test */,
			);
		};
/* End PBXProject section */

/* Begin PBXResourcesBuildPhase section */
		03398C5A27DFDFCC001BC793 /* Resources */ = {
			isa = PBXResourcesBuildPhase;
			buildActionMask = 2147483647;
			files = (
				090369472860B941002D90E6 /* TestimonialsMock.json in Resources */,
				03D392EA2857604B0004CB10 /* TestimonialsCell.xib in Resources */,
				F65619CF28617354007D0620 /* GoogleService-Info.plist in Resources */,
				03398C6927DFDFCD001BC793 /* Assets.xcassets in Resources */,
				F6BC67C7284E9BC5006FB210 /* NewsMock.json in Resources */,
			);
			runOnlyForDeploymentPostprocessing = 0;
		};
		F6EDEF132845225B00BB49B9 /* Resources */ = {
			isa = PBXResourcesBuildPhase;
			buildActionMask = 2147483647;
			files = (
			);
			runOnlyForDeploymentPostprocessing = 0;
		};
/* End PBXResourcesBuildPhase section */

/* Begin PBXShellScriptBuildPhase section */
		7C2DE07970FD02B3E7F7A7C5 /* [CP] Check Pods Manifest.lock */ = {
			isa = PBXShellScriptBuildPhase;
			buildActionMask = 2147483647;
			files = (
			);
			inputFileListPaths = (
			);
			inputPaths = (
				"${PODS_PODFILE_DIR_PATH}/Podfile.lock",
				"${PODS_ROOT}/Manifest.lock",
			);
			name = "[CP] Check Pods Manifest.lock";
			outputFileListPaths = (
			);
			outputPaths = (
				"$(DERIVED_FILE_DIR)/Pods-SwiftTemplate-checkManifestLockResult.txt",
			);
			runOnlyForDeploymentPostprocessing = 0;
			shellPath = /bin/sh;
			shellScript = "diff \"${PODS_PODFILE_DIR_PATH}/Podfile.lock\" \"${PODS_ROOT}/Manifest.lock\" > /dev/null\nif [ $? != 0 ] ; then\n    # print error to STDERR\n    echo \"error: The sandbox is not in sync with the Podfile.lock. Run 'pod install' or update your CocoaPods installation.\" >&2\n    exit 1\nfi\n# This output is used by Xcode 'outputs' to avoid re-running this script phase.\necho \"SUCCESS\" > \"${SCRIPT_OUTPUT_FILE_0}\"\n";
			showEnvVarsInLog = 0;
		};
		DF3538A91AF7E4B2797D6DFE /* [CP] Embed Pods Frameworks */ = {
			isa = PBXShellScriptBuildPhase;
			buildActionMask = 2147483647;
			files = (
			);
			inputFileListPaths = (
				"${PODS_ROOT}/Target Support Files/Pods-SwiftTemplate/Pods-SwiftTemplate-frameworks-${CONFIGURATION}-input-files.xcfilelist",
			);
			name = "[CP] Embed Pods Frameworks";
			outputFileListPaths = (
				"${PODS_ROOT}/Target Support Files/Pods-SwiftTemplate/Pods-SwiftTemplate-frameworks-${CONFIGURATION}-output-files.xcfilelist",
			);
			runOnlyForDeploymentPostprocessing = 0;
			shellPath = /bin/sh;
			shellScript = "\"${PODS_ROOT}/Target Support Files/Pods-SwiftTemplate/Pods-SwiftTemplate-frameworks.sh\"\n";
			showEnvVarsInLog = 0;
		};
		F65619D028617805007D0620 /* Run Script */ = {
			isa = PBXShellScriptBuildPhase;
			buildActionMask = 2147483647;
			files = (
			);
			inputFileListPaths = (
			);
			inputPaths = (
				"$(SRCROOT)/${DWARF_DSYM_FOLDER_PATH}/${DWARF_DSYM_FILE_NAME}/Contents/Resources/DWARF/${SwiftTemplate}",
				"$(SRCROOT)/$(BUILT_PRODUCTS_DIR)/$(info.plist)",
			);
			name = "Run Script";
			outputFileListPaths = (
			);
			outputPaths = (
			);
			runOnlyForDeploymentPostprocessing = 0;
			shellPath = /bin/sh;
			shellScript = "\"${PODS_ROOT}/FirebaseCrashlytics/run\"\n";
		};
/* End PBXShellScriptBuildPhase section */

/* Begin PBXSourcesBuildPhase section */
		03398C5827DFDFCC001BC793 /* Sources */ = {
			isa = PBXSourcesBuildPhase;
			buildActionMask = 2147483647;
			files = (
				03947942283ECC47000E75C8 /* SignupViewController.swift in Sources */,
				033B7248285880FC0090EEED /* WelcomeViewModel.swift in Sources */,
				4040EADD285CF858006669E7 /* ContactViewController.swift in Sources */,
				03D392EB2857604B0004CB10 /* TestimonialsCell.swift in Sources */,
				403C21B1284AD2A400026635 /* MenuController.swift in Sources */,
				F62BC7BD284FB1D2006C52B3 /* NosotrosViewController.swift in Sources */,
				F6EDEF422845238300BB49B9 /* ApiError.swift in Sources */,
				F62BC7BF284FB88E006C52B3 /* ProfileCollectionViewCell.swift in Sources */,
				F61DD9C3285050B5009F97FB /* NosotrosDetailViewController.swift in Sources */,
				F6EDEF352845236C00BB49B9 /* LoginUserResponse.swift in Sources */,
				40DED443285407B9004BD580 /* TestimonialsResponse.swift in Sources */,
				03D392E228575D730004CB10 /* UserSessionRepository.swift in Sources */,
				03D392ED285760AC0004CB10 /* Constants.swift in Sources */,
				F66A1739283DCF6A0064DD56 /* (null) in Sources */,
				F6725D8E28621B2B00BA88B7 /* TrackerAnalytics.swift in Sources */,
				4054DF89283EE18F00E781B6 /* SignUpManager.swift in Sources */,
				F678B93B285A6443007520AB /* CustomImage.swift in Sources */,
				403C21C4284BD07800026635 /* MenuOption.swift in Sources */,
				403C21AF284AD29900026635 /* ContainerController.swift in Sources */,
				40364FCC285FB72900180F15 /* ContactViewModel.swift in Sources */,
				033B724A285881310090EEED /* WelcomeModel.swift in Sources */,
				03947947283ECCBE000E75C8 /* Extensions.swift in Sources */,
				F678B939285A440D007520AB /* CustomButton.swift in Sources */,
				4054DFAB283FEE9000E781B6 /* ServiceManagerSingleton.swift in Sources */,
				F649B7962847FF4700541235 /* SeeMoreCollectionViewCell.swift in Sources */,
				F649B7922847CF5700541235 /* HomeViewController.swift in Sources */,
				4054DF83283EDE8300E781B6 /* NewUser.swift in Sources */,
				F6EDEF402845236C00BB49B9 /* LoginService.swift in Sources */,
				F6C342C22845BF2D005F877F /* NewsResponse.swift in Sources */,
				F6C342C42845C18E005F877F /* NewsService.swift in Sources */,
				4054DF81283EDE6F00E781B6 /* UserRegisterData.swift in Sources */,
				F6EDEF462845252100BB49B9 /* ApiManager.swift in Sources */,
				098D78AA2868C49F00F0B1FF /* LoginViewController.swift in Sources */,
				03398C6027DFDFCC001BC793 /* AppDelegate.swift in Sources */,
				40DED4412854075E004BD580 /* TestimonialsService.swift in Sources */,
				F6EDEF332845236C00BB49B9 /* LoginViewModel.swift in Sources */,
				F678B937285A4071007520AB /* CustomLabel.swift in Sources */,
				F66387F22846791000E078BF /* HomeViewModel.swift in Sources */,
				F66387F92846AE8F00E078BF /* NewsCollectionViewCell.swift in Sources */,
				F6EDEF342845236C00BB49B9 /* LoginUser.swift in Sources */,
				09B59D402869FDBF007CB25B /* SpinnerLoadingDelegate.swift in Sources */,
				F66A1738283DCF6A0064DD56 /* (null) in Sources */,
				403C21C6284BD09F00026635 /* MenuOptionCell.swift in Sources */,
				4054DF85283EDF0C00E781B6 /* SignUpViewModel.swift in Sources */,
				03398C6227DFDFCC001BC793 /* SceneDelegate.swift in Sources */,
			);
			runOnlyForDeploymentPostprocessing = 0;
		};
		F6EDEF112845225B00BB49B9 /* Sources */ = {
			isa = PBXSourcesBuildPhase;
			buildActionMask = 2147483647;
			files = (
				F66C6BEB284DBE4A00E21542 /* MockNewsServiceFail.swift in Sources */,
				090369432860B8ED002D90E6 /* MockTestimonialsFail.swift in Sources */,
				F692AD8D285D87BA00CF0F35 /* Test_Signup_ViewModel.swift in Sources */,
				F66C6BE9284DAEAE00E21542 /* MockNewsServiceSuccess.swift in Sources */,
				F6EDEF1F2845227100BB49B9 /* Test_API_Login.swift in Sources */,
				F649B798284860D100541235 /* Test_Home_ViewModel.swift in Sources */,
				090369412860B8D4002D90E6 /* MockTestimonialsSuccess.swift in Sources */,
			);
			runOnlyForDeploymentPostprocessing = 0;
		};
/* End PBXSourcesBuildPhase section */

/* Begin PBXTargetDependency section */
		F6EDEF1A2845225B00BB49B9 /* PBXTargetDependency */ = {
			isa = PBXTargetDependency;
			target = 03398C5B27DFDFCC001BC793 /* SwiftTemplate */;
			targetProxy = F6EDEF192845225B00BB49B9 /* PBXContainerItemProxy */;
		};
/* End PBXTargetDependency section */

/* Begin XCBuildConfiguration section */
		03398C6E27DFDFCD001BC793 /* Debug */ = {
			isa = XCBuildConfiguration;
			buildSettings = {
				ALWAYS_SEARCH_USER_PATHS = NO;
				CLANG_ANALYZER_NONNULL = YES;
				CLANG_ANALYZER_NUMBER_OBJECT_CONVERSION = YES_AGGRESSIVE;
				CLANG_CXX_LANGUAGE_STANDARD = "gnu++17";
				CLANG_CXX_LIBRARY = "libc++";
				CLANG_ENABLE_MODULES = YES;
				CLANG_ENABLE_OBJC_ARC = YES;
				CLANG_ENABLE_OBJC_WEAK = YES;
				CLANG_WARN_BLOCK_CAPTURE_AUTORELEASING = YES;
				CLANG_WARN_BOOL_CONVERSION = YES;
				CLANG_WARN_COMMA = YES;
				CLANG_WARN_CONSTANT_CONVERSION = YES;
				CLANG_WARN_DEPRECATED_OBJC_IMPLEMENTATIONS = YES;
				CLANG_WARN_DIRECT_OBJC_ISA_USAGE = YES_ERROR;
				CLANG_WARN_DOCUMENTATION_COMMENTS = YES;
				CLANG_WARN_EMPTY_BODY = YES;
				CLANG_WARN_ENUM_CONVERSION = YES;
				CLANG_WARN_INFINITE_RECURSION = YES;
				CLANG_WARN_INT_CONVERSION = YES;
				CLANG_WARN_NON_LITERAL_NULL_CONVERSION = YES;
				CLANG_WARN_OBJC_IMPLICIT_RETAIN_SELF = YES;
				CLANG_WARN_OBJC_LITERAL_CONVERSION = YES;
				CLANG_WARN_OBJC_ROOT_CLASS = YES_ERROR;
				CLANG_WARN_QUOTED_INCLUDE_IN_FRAMEWORK_HEADER = YES;
				CLANG_WARN_RANGE_LOOP_ANALYSIS = YES;
				CLANG_WARN_STRICT_PROTOTYPES = YES;
				CLANG_WARN_SUSPICIOUS_MOVE = YES;
				CLANG_WARN_UNGUARDED_AVAILABILITY = YES_AGGRESSIVE;
				CLANG_WARN_UNREACHABLE_CODE = YES;
				CLANG_WARN__DUPLICATE_METHOD_MATCH = YES;
				COPY_PHASE_STRIP = NO;
				DEBUG_INFORMATION_FORMAT = dwarf;
				ENABLE_STRICT_OBJC_MSGSEND = YES;
				ENABLE_TESTABILITY = YES;
				GCC_C_LANGUAGE_STANDARD = gnu11;
				GCC_DYNAMIC_NO_PIC = NO;
				GCC_NO_COMMON_BLOCKS = YES;
				GCC_OPTIMIZATION_LEVEL = 0;
				GCC_PREPROCESSOR_DEFINITIONS = (
					"DEBUG=1",
					"$(inherited)",
				);
				GCC_WARN_64_TO_32_BIT_CONVERSION = YES;
				GCC_WARN_ABOUT_RETURN_TYPE = YES_ERROR;
				GCC_WARN_UNDECLARED_SELECTOR = YES;
				GCC_WARN_UNINITIALIZED_AUTOS = YES_AGGRESSIVE;
				GCC_WARN_UNUSED_FUNCTION = YES;
				GCC_WARN_UNUSED_VARIABLE = YES;
				IPHONEOS_DEPLOYMENT_TARGET = 13.0;
				MTL_ENABLE_DEBUG_INFO = INCLUDE_SOURCE;
				MTL_FAST_MATH = YES;
				ONLY_ACTIVE_ARCH = YES;
				SDKROOT = iphoneos;
				SWIFT_ACTIVE_COMPILATION_CONDITIONS = DEBUG;
				SWIFT_OPTIMIZATION_LEVEL = "-Onone";
			};
			name = Debug;
		};
		03398C6F27DFDFCD001BC793 /* Release */ = {
			isa = XCBuildConfiguration;
			buildSettings = {
				ALWAYS_SEARCH_USER_PATHS = NO;
				CLANG_ANALYZER_NONNULL = YES;
				CLANG_ANALYZER_NUMBER_OBJECT_CONVERSION = YES_AGGRESSIVE;
				CLANG_CXX_LANGUAGE_STANDARD = "gnu++17";
				CLANG_CXX_LIBRARY = "libc++";
				CLANG_ENABLE_MODULES = YES;
				CLANG_ENABLE_OBJC_ARC = YES;
				CLANG_ENABLE_OBJC_WEAK = YES;
				CLANG_WARN_BLOCK_CAPTURE_AUTORELEASING = YES;
				CLANG_WARN_BOOL_CONVERSION = YES;
				CLANG_WARN_COMMA = YES;
				CLANG_WARN_CONSTANT_CONVERSION = YES;
				CLANG_WARN_DEPRECATED_OBJC_IMPLEMENTATIONS = YES;
				CLANG_WARN_DIRECT_OBJC_ISA_USAGE = YES_ERROR;
				CLANG_WARN_DOCUMENTATION_COMMENTS = YES;
				CLANG_WARN_EMPTY_BODY = YES;
				CLANG_WARN_ENUM_CONVERSION = YES;
				CLANG_WARN_INFINITE_RECURSION = YES;
				CLANG_WARN_INT_CONVERSION = YES;
				CLANG_WARN_NON_LITERAL_NULL_CONVERSION = YES;
				CLANG_WARN_OBJC_IMPLICIT_RETAIN_SELF = YES;
				CLANG_WARN_OBJC_LITERAL_CONVERSION = YES;
				CLANG_WARN_OBJC_ROOT_CLASS = YES_ERROR;
				CLANG_WARN_QUOTED_INCLUDE_IN_FRAMEWORK_HEADER = YES;
				CLANG_WARN_RANGE_LOOP_ANALYSIS = YES;
				CLANG_WARN_STRICT_PROTOTYPES = YES;
				CLANG_WARN_SUSPICIOUS_MOVE = YES;
				CLANG_WARN_UNGUARDED_AVAILABILITY = YES_AGGRESSIVE;
				CLANG_WARN_UNREACHABLE_CODE = YES;
				CLANG_WARN__DUPLICATE_METHOD_MATCH = YES;
				COPY_PHASE_STRIP = NO;
				DEBUG_INFORMATION_FORMAT = "dwarf-with-dsym";
				ENABLE_NS_ASSERTIONS = NO;
				ENABLE_STRICT_OBJC_MSGSEND = YES;
				GCC_C_LANGUAGE_STANDARD = gnu11;
				GCC_NO_COMMON_BLOCKS = YES;
				GCC_WARN_64_TO_32_BIT_CONVERSION = YES;
				GCC_WARN_ABOUT_RETURN_TYPE = YES_ERROR;
				GCC_WARN_UNDECLARED_SELECTOR = YES;
				GCC_WARN_UNINITIALIZED_AUTOS = YES_AGGRESSIVE;
				GCC_WARN_UNUSED_FUNCTION = YES;
				GCC_WARN_UNUSED_VARIABLE = YES;
				IPHONEOS_DEPLOYMENT_TARGET = 13.0;
				MTL_ENABLE_DEBUG_INFO = NO;
				MTL_FAST_MATH = YES;
				SDKROOT = iphoneos;
				SWIFT_COMPILATION_MODE = wholemodule;
				SWIFT_OPTIMIZATION_LEVEL = "-O";
				VALIDATE_PRODUCT = YES;
			};
			name = Release;
		};
		03398C7127DFDFCD001BC793 /* Debug */ = {
			isa = XCBuildConfiguration;
			baseConfigurationReference = A44B2E4CE22C626FA79CD586 /* Pods-SwiftTemplate.debug.xcconfig */;
			buildSettings = {
				ASSETCATALOG_COMPILER_APPICON_NAME = AppIcon;
				ASSETCATALOG_COMPILER_GLOBAL_ACCENT_COLOR_NAME = AccentColor;
				CODE_SIGN_STYLE = Automatic;
				CURRENT_PROJECT_VERSION = 1;
				DEBUG_INFORMATION_FORMAT = "dwarf-with-dsym";
				DEVELOPMENT_TEAM = N5B5236N46;
				GENERATE_INFOPLIST_FILE = YES;
				INFOPLIST_FILE = SwiftTemplate/Info.plist;
				INFOPLIST_KEY_LSApplicationCategoryType = "";
				INFOPLIST_KEY_UIApplicationSupportsIndirectInputEvents = YES;
				INFOPLIST_KEY_UILaunchStoryboardName = LaunchScreen;
				INFOPLIST_KEY_UISupportedInterfaceOrientations_iPad = "UIInterfaceOrientationPortrait UIInterfaceOrientationPortraitUpsideDown UIInterfaceOrientationLandscapeLeft UIInterfaceOrientationLandscapeRight";
				INFOPLIST_KEY_UISupportedInterfaceOrientations_iPhone = "UIInterfaceOrientationPortrait UIInterfaceOrientationLandscapeLeft UIInterfaceOrientationLandscapeRight";
				LD_RUNPATH_SEARCH_PATHS = (
					"$(inherited)",
					"@executable_path/Frameworks",
				);
				MARKETING_VERSION = 1.0;
				PRODUCT_BUNDLE_IDENTIFIER = com.Alkemy.SwiftTemplate;
				PRODUCT_NAME = "$(TARGET_NAME)";
				SWIFT_EMIT_LOC_STRINGS = YES;
				SWIFT_VERSION = 5.0;
				TARGETED_DEVICE_FAMILY = "1,2";
			};
			name = Debug;
		};
		03398C7227DFDFCD001BC793 /* Release */ = {
			isa = XCBuildConfiguration;
			baseConfigurationReference = 54065947B66C7BED0004E9F4 /* Pods-SwiftTemplate.release.xcconfig */;
			buildSettings = {
				ASSETCATALOG_COMPILER_APPICON_NAME = AppIcon;
				ASSETCATALOG_COMPILER_GLOBAL_ACCENT_COLOR_NAME = AccentColor;
				CODE_SIGN_STYLE = Automatic;
				CURRENT_PROJECT_VERSION = 1;
				DEVELOPMENT_TEAM = N5B5236N46;
				GENERATE_INFOPLIST_FILE = YES;
				INFOPLIST_FILE = SwiftTemplate/Info.plist;
				INFOPLIST_KEY_LSApplicationCategoryType = "";
				INFOPLIST_KEY_UIApplicationSupportsIndirectInputEvents = YES;
				INFOPLIST_KEY_UILaunchStoryboardName = LaunchScreen;
				INFOPLIST_KEY_UISupportedInterfaceOrientations_iPad = "UIInterfaceOrientationPortrait UIInterfaceOrientationPortraitUpsideDown UIInterfaceOrientationLandscapeLeft UIInterfaceOrientationLandscapeRight";
				INFOPLIST_KEY_UISupportedInterfaceOrientations_iPhone = "UIInterfaceOrientationPortrait UIInterfaceOrientationLandscapeLeft UIInterfaceOrientationLandscapeRight";
				LD_RUNPATH_SEARCH_PATHS = (
					"$(inherited)",
					"@executable_path/Frameworks",
				);
				MARKETING_VERSION = 1.0;
				PRODUCT_BUNDLE_IDENTIFIER = com.Alkemy.SwiftTemplate;
				PRODUCT_NAME = "$(TARGET_NAME)";
				SWIFT_EMIT_LOC_STRINGS = YES;
				SWIFT_VERSION = 5.0;
				TARGETED_DEVICE_FAMILY = "1,2";
			};
			name = Release;
		};
		F6EDEF1C2845225B00BB49B9 /* Debug */ = {
			isa = XCBuildConfiguration;
			buildSettings = {
				BUNDLE_LOADER = "$(TEST_HOST)";
				CODE_SIGN_STYLE = Automatic;
				CURRENT_PROJECT_VERSION = 1;
				DEVELOPMENT_TEAM = N5B5236N46;
				GENERATE_INFOPLIST_FILE = YES;
				"HEADER_SEARCH_PATHS[arch=*]" = (
					HEADER_SEARCH_PATHS,
					"=",
					"\"${SRCROOT}/Pods/Firebase/CoreOnly/Sources\"",
				);
				IPHONEOS_DEPLOYMENT_TARGET = 15.0;
				MARKETING_VERSION = 1.0;
				PRODUCT_BUNDLE_IDENTIFIER = "com.sancricca.Test-API-Login";
				PRODUCT_NAME = "$(TARGET_NAME)";
				SWIFT_EMIT_LOC_STRINGS = NO;
				SWIFT_VERSION = 5.0;
				TARGETED_DEVICE_FAMILY = "1,2";
				TEST_HOST = "$(BUILT_PRODUCTS_DIR)/SwiftTemplate.app/SwiftTemplate";
			};
			name = Debug;
		};
		F6EDEF1D2845225B00BB49B9 /* Release */ = {
			isa = XCBuildConfiguration;
			buildSettings = {
				BUNDLE_LOADER = "$(TEST_HOST)";
				CODE_SIGN_STYLE = Automatic;
				CURRENT_PROJECT_VERSION = 1;
				DEVELOPMENT_TEAM = N5B5236N46;
				GENERATE_INFOPLIST_FILE = YES;
				"HEADER_SEARCH_PATHS[arch=*]" = (
					HEADER_SEARCH_PATHS,
					"=",
					"\"${SRCROOT}/Pods/Firebase/CoreOnly/Sources\"",
				);
				IPHONEOS_DEPLOYMENT_TARGET = 15.0;
				MARKETING_VERSION = 1.0;
				PRODUCT_BUNDLE_IDENTIFIER = "com.sancricca.Test-API-Login";
				PRODUCT_NAME = "$(TARGET_NAME)";
				SWIFT_EMIT_LOC_STRINGS = NO;
				SWIFT_VERSION = 5.0;
				TARGETED_DEVICE_FAMILY = "1,2";
				TEST_HOST = "$(BUILT_PRODUCTS_DIR)/SwiftTemplate.app/SwiftTemplate";
			};
			name = Release;
		};
/* End XCBuildConfiguration section */

/* Begin XCConfigurationList section */
		03398C5727DFDFCC001BC793 /* Build configuration list for PBXProject "SwiftTemplate" */ = {
			isa = XCConfigurationList;
			buildConfigurations = (
				03398C6E27DFDFCD001BC793 /* Debug */,
				03398C6F27DFDFCD001BC793 /* Release */,
			);
			defaultConfigurationIsVisible = 0;
			defaultConfigurationName = Release;
		};
		03398C7027DFDFCD001BC793 /* Build configuration list for PBXNativeTarget "SwiftTemplate" */ = {
			isa = XCConfigurationList;
			buildConfigurations = (
				03398C7127DFDFCD001BC793 /* Debug */,
				03398C7227DFDFCD001BC793 /* Release */,
			);
			defaultConfigurationIsVisible = 0;
			defaultConfigurationName = Release;
		};
		F6EDEF1B2845225B00BB49B9 /* Build configuration list for PBXNativeTarget "Test" */ = {
			isa = XCConfigurationList;
			buildConfigurations = (
				F6EDEF1C2845225B00BB49B9 /* Debug */,
				F6EDEF1D2845225B00BB49B9 /* Release */,
			);
			defaultConfigurationIsVisible = 0;
			defaultConfigurationName = Release;
		};
/* End XCConfigurationList section */
	};
	rootObject = 03398C5427DFDFCC001BC793 /* Project object */;
}
