// !$*UTF8*$!
{
	archiveVersion = 1;
	classes = {
	};
	objectVersion = 55;
	objects = {

/* Begin PBXBuildFile section */
		03398C6027DFDFCC001BC793 /* AppDelegate.swift in Sources */ = {isa = PBXBuildFile; fileRef = 03398C5F27DFDFCC001BC793 /* AppDelegate.swift */; };
		03398C6227DFDFCC001BC793 /* SceneDelegate.swift in Sources */ = {isa = PBXBuildFile; fileRef = 03398C6127DFDFCC001BC793 /* SceneDelegate.swift */; };
		03398C6427DFDFCC001BC793 /* ViewController.swift in Sources */ = {isa = PBXBuildFile; fileRef = 03398C6327DFDFCC001BC793 /* ViewController.swift */; };
		03398C6927DFDFCD001BC793 /* Assets.xcassets in Resources */ = {isa = PBXBuildFile; fileRef = 03398C6827DFDFCD001BC793 /* Assets.xcassets */; };
		03398C6C27DFDFCD001BC793 /* LaunchScreen.storyboard in Resources */ = {isa = PBXBuildFile; fileRef = 03398C6A27DFDFCD001BC793 /* LaunchScreen.storyboard */; };
		03947942283ECC47000E75C8 /* SignupViewController.swift in Sources */ = {isa = PBXBuildFile; fileRef = 0394793E283ECC47000E75C8 /* SignupViewController.swift */; };
		03947943283ECC47000E75C8 /* LogInViewController.xib in Resources */ = {isa = PBXBuildFile; fileRef = 03947940283ECC47000E75C8 /* LogInViewController.xib */; };
		03947944283ECC47000E75C8 /* LogInViewController.swift in Sources */ = {isa = PBXBuildFile; fileRef = 03947941283ECC47000E75C8 /* LogInViewController.swift */; };
		03947947283ECCBE000E75C8 /* Extensions.swift in Sources */ = {isa = PBXBuildFile; fileRef = 03947946283ECCBE000E75C8 /* Extensions.swift */; };
		AFD99C0A6C3231201456A683 /* Pods_SwiftTemplate.framework in Frameworks */ = {isa = PBXBuildFile; fileRef = B9AD57404DA2E511AAEE26E6 /* Pods_SwiftTemplate.framework */; };
		F63605B6284110320078F12E /* Test_API_Login.swift in Sources */ = {isa = PBXBuildFile; fileRef = F63605B5284110320078F12E /* Test_API_Login.swift */; };
		F646C7E828446933009FBCA7 /* ApiError.swift in Sources */ = {isa = PBXBuildFile; fileRef = F646C7E728446933009FBCA7 /* ApiError.swift */; };
		F66A1738283DCF6A0064DD56 /* (null) in Sources */ = {isa = PBXBuildFile; };
		F66A1739283DCF6A0064DD56 /* (null) in Sources */ = {isa = PBXBuildFile; };
		F68C14E0283FC45300591D97 /* LoginUser.swift in Sources */ = {isa = PBXBuildFile; fileRef = F68C14DF283FC45300591D97 /* LoginUser.swift */; };
		F68C14E3283FC8E700591D97 /* LoginViewModel.swift in Sources */ = {isa = PBXBuildFile; fileRef = F68C14E2283FC8E700591D97 /* LoginViewModel.swift */; };
		F6CD0798283F2EA3003906B0 /* ApiManager.swift in Sources */ = {isa = PBXBuildFile; fileRef = F6CD0797283F2EA3003906B0 /* ApiManager.swift */; };
		F6CD079D283F328C003906B0 /* LoginService.swift in Sources */ = {isa = PBXBuildFile; fileRef = F6CD079C283F328C003906B0 /* LoginService.swift */; };
		F6CD07A0283F3F15003906B0 /* LoginUserResponse.swift in Sources */ = {isa = PBXBuildFile; fileRef = F6CD079F283F3F15003906B0 /* LoginUserResponse.swift */; };
/* End PBXBuildFile section */

/* Begin PBXContainerItemProxy section */
		F63605B7284110320078F12E /* PBXContainerItemProxy */ = {
			isa = PBXContainerItemProxy;
			containerPortal = 03398C5427DFDFCC001BC793 /* Project object */;
			proxyType = 1;
			remoteGlobalIDString = 03398C5B27DFDFCC001BC793;
			remoteInfo = SwiftTemplate;
		};
/* End PBXContainerItemProxy section */

/* Begin PBXFileReference section */
		03398C5C27DFDFCC001BC793 /* SwiftTemplate.app */ = {isa = PBXFileReference; explicitFileType = wrapper.application; includeInIndex = 0; path = SwiftTemplate.app; sourceTree = BUILT_PRODUCTS_DIR; };
		03398C5F27DFDFCC001BC793 /* AppDelegate.swift */ = {isa = PBXFileReference; lastKnownFileType = sourcecode.swift; path = AppDelegate.swift; sourceTree = "<group>"; };
		03398C6127DFDFCC001BC793 /* SceneDelegate.swift */ = {isa = PBXFileReference; lastKnownFileType = sourcecode.swift; path = SceneDelegate.swift; sourceTree = "<group>"; };
		03398C6327DFDFCC001BC793 /* ViewController.swift */ = {isa = PBXFileReference; lastKnownFileType = sourcecode.swift; path = ViewController.swift; sourceTree = "<group>"; };
		03398C6827DFDFCD001BC793 /* Assets.xcassets */ = {isa = PBXFileReference; lastKnownFileType = folder.assetcatalog; path = Assets.xcassets; sourceTree = "<group>"; };
		03398C6D27DFDFCD001BC793 /* Info.plist */ = {isa = PBXFileReference; lastKnownFileType = text.plist.xml; path = Info.plist; sourceTree = "<group>"; };
		0394793E283ECC47000E75C8 /* SignupViewController.swift */ = {isa = PBXFileReference; fileEncoding = 4; lastKnownFileType = sourcecode.swift; path = SignupViewController.swift; sourceTree = "<group>"; };
		03947940283ECC47000E75C8 /* LogInViewController.xib */ = {isa = PBXFileReference; fileEncoding = 4; lastKnownFileType = file.xib; path = LogInViewController.xib; sourceTree = "<group>"; };
		03947941283ECC47000E75C8 /* LogInViewController.swift */ = {isa = PBXFileReference; fileEncoding = 4; lastKnownFileType = sourcecode.swift; path = LogInViewController.swift; sourceTree = "<group>"; };
		03947946283ECCBE000E75C8 /* Extensions.swift */ = {isa = PBXFileReference; fileEncoding = 4; lastKnownFileType = sourcecode.swift; path = Extensions.swift; sourceTree = "<group>"; };
		7B24C2AE42A825E5C2CC1F74 /* Pods-SwiftTemplate.debug.xcconfig */ = {isa = PBXFileReference; includeInIndex = 1; lastKnownFileType = text.xcconfig; name = "Pods-SwiftTemplate.debug.xcconfig"; path = "Target Support Files/Pods-SwiftTemplate/Pods-SwiftTemplate.debug.xcconfig"; sourceTree = "<group>"; };
		B9AD57404DA2E511AAEE26E6 /* Pods_SwiftTemplate.framework */ = {isa = PBXFileReference; explicitFileType = wrapper.framework; includeInIndex = 0; path = Pods_SwiftTemplate.framework; sourceTree = BUILT_PRODUCTS_DIR; };
		DB424982D8A4C74749B462DC /* Pods-SwiftTemplate.release.xcconfig */ = {isa = PBXFileReference; includeInIndex = 1; lastKnownFileType = text.xcconfig; name = "Pods-SwiftTemplate.release.xcconfig"; path = "Target Support Files/Pods-SwiftTemplate/Pods-SwiftTemplate.release.xcconfig"; sourceTree = "<group>"; };
		F63605B3284110320078F12E /* Test_API_Login.xctest */ = {isa = PBXFileReference; explicitFileType = wrapper.cfbundle; includeInIndex = 0; path = Test_API_Login.xctest; sourceTree = BUILT_PRODUCTS_DIR; };
		F63605B5284110320078F12E /* Test_API_Login.swift */ = {isa = PBXFileReference; lastKnownFileType = sourcecode.swift; path = Test_API_Login.swift; sourceTree = "<group>"; };
		F646C7E728446933009FBCA7 /* ApiError.swift */ = {isa = PBXFileReference; lastKnownFileType = sourcecode.swift; path = ApiError.swift; sourceTree = "<group>"; };
		F68C14DF283FC45300591D97 /* LoginUser.swift */ = {isa = PBXFileReference; lastKnownFileType = sourcecode.swift; path = LoginUser.swift; sourceTree = "<group>"; };
		F68C14E2283FC8E700591D97 /* LoginViewModel.swift */ = {isa = PBXFileReference; lastKnownFileType = sourcecode.swift; path = LoginViewModel.swift; sourceTree = "<group>"; };
		F6CD0797283F2EA3003906B0 /* ApiManager.swift */ = {isa = PBXFileReference; lastKnownFileType = sourcecode.swift; path = ApiManager.swift; sourceTree = "<group>"; };
		F6CD079C283F328C003906B0 /* LoginService.swift */ = {isa = PBXFileReference; lastKnownFileType = sourcecode.swift; path = LoginService.swift; sourceTree = "<group>"; };
		F6CD079F283F3F15003906B0 /* LoginUserResponse.swift */ = {isa = PBXFileReference; lastKnownFileType = sourcecode.swift; path = LoginUserResponse.swift; sourceTree = "<group>"; };
/* End PBXFileReference section */

/* Begin PBXFrameworksBuildPhase section */
		03398C5927DFDFCC001BC793 /* Frameworks */ = {
			isa = PBXFrameworksBuildPhase;
			buildActionMask = 2147483647;
			files = (
				AFD99C0A6C3231201456A683 /* Pods_SwiftTemplate.framework in Frameworks */,
			);
			runOnlyForDeploymentPostprocessing = 0;
		};
		F63605B0284110320078F12E /* Frameworks */ = {
			isa = PBXFrameworksBuildPhase;
			buildActionMask = 2147483647;
			files = (
			);
			runOnlyForDeploymentPostprocessing = 0;
		};
/* End PBXFrameworksBuildPhase section */

/* Begin PBXGroup section */
		03398C5327DFDFCC001BC793 = {
			isa = PBXGroup;
			children = (
				03398C5E27DFDFCC001BC793 /* SwiftTemplate */,
				F63605B4284110320078F12E /* Test_API_Login */,
				03398C5D27DFDFCC001BC793 /* Products */,
				3DB6AFA112805A9E1C12E06A /* Pods */,
				E00CCF9523AE7944F9100065 /* Frameworks */,
			);
			sourceTree = "<group>";
		};
		03398C5D27DFDFCC001BC793 /* Products */ = {
			isa = PBXGroup;
			children = (
				03398C5C27DFDFCC001BC793 /* SwiftTemplate.app */,
				F63605B3284110320078F12E /* Test_API_Login.xctest */,
			);
			name = Products;
			sourceTree = "<group>";
		};
		03398C5E27DFDFCC001BC793 /* SwiftTemplate */ = {
			isa = PBXGroup;
			children = (
				F6CD0795283F2DA2003906B0 /* Shared */,
				03947945283ECCBE000E75C8 /* Utils */,
				0394793F283ECC47000E75C8 /* Login */,
				0394793C283ECC47000E75C8 /* Signup */,
				03398C5F27DFDFCC001BC793 /* AppDelegate.swift */,
				03398C6127DFDFCC001BC793 /* SceneDelegate.swift */,
				03398C6327DFDFCC001BC793 /* ViewController.swift */,
				03398C6827DFDFCD001BC793 /* Assets.xcassets */,
				03398C6A27DFDFCD001BC793 /* LaunchScreen.storyboard */,
				03398C6D27DFDFCD001BC793 /* Info.plist */,
			);
			path = SwiftTemplate;
			sourceTree = "<group>";
		};
		0394793C283ECC47000E75C8 /* Signup */ = {
			isa = PBXGroup;
			children = (
				0394793D283ECC47000E75C8 /* View */,
			);
			path = Signup;
			sourceTree = "<group>";
		};
		0394793D283ECC47000E75C8 /* View */ = {
			isa = PBXGroup;
			children = (
				0394793E283ECC47000E75C8 /* SignupViewController.swift */,
			);
			path = View;
			sourceTree = "<group>";
		};
		0394793F283ECC47000E75C8 /* Login */ = {
			isa = PBXGroup;
			children = (
				F68C14E1283FC8C900591D97 /* ViewModel */,
				F6CD079E283F3F04003906B0 /* Model */,
				F6CD079B283F3276003906B0 /* Service */,
				F6CD079A283F323B003906B0 /* View */,
			);
			path = Login;
			sourceTree = "<group>";
		};
		03947945283ECCBE000E75C8 /* Utils */ = {
			isa = PBXGroup;
			children = (
				03947946283ECCBE000E75C8 /* Extensions.swift */,
				F646C7E728446933009FBCA7 /* ApiError.swift */,
			);
			path = Utils;
			sourceTree = "<group>";
		};
		3DB6AFA112805A9E1C12E06A /* Pods */ = {
			isa = PBXGroup;
			children = (
				7B24C2AE42A825E5C2CC1F74 /* Pods-SwiftTemplate.debug.xcconfig */,
				DB424982D8A4C74749B462DC /* Pods-SwiftTemplate.release.xcconfig */,
			);
			path = Pods;
			sourceTree = "<group>";
		};
		E00CCF9523AE7944F9100065 /* Frameworks */ = {
			isa = PBXGroup;
			children = (
				B9AD57404DA2E511AAEE26E6 /* Pods_SwiftTemplate.framework */,
			);
			name = Frameworks;
			sourceTree = "<group>";
		};
		F63605B4284110320078F12E /* Test_API_Login */ = {
			isa = PBXGroup;
			children = (
				F63605B5284110320078F12E /* Test_API_Login.swift */,
			);
			path = Test_API_Login;
			sourceTree = "<group>";
		};
		F68C14E1283FC8C900591D97 /* ViewModel */ = {
			isa = PBXGroup;
			children = (
				F68C14E2283FC8E700591D97 /* LoginViewModel.swift */,
			);
			path = ViewModel;
			sourceTree = "<group>";
		};
		F6CD0795283F2DA2003906B0 /* Shared */ = {
			isa = PBXGroup;
			children = (
				F6CD0796283F2DBC003906B0 /* Service */,
			);
			path = Shared;
			sourceTree = "<group>";
		};
		F6CD0796283F2DBC003906B0 /* Service */ = {
			isa = PBXGroup;
			children = (
				F6CD0797283F2EA3003906B0 /* ApiManager.swift */,
			);
			path = Service;
			sourceTree = "<group>";
		};
		F6CD079A283F323B003906B0 /* View */ = {
			isa = PBXGroup;
			children = (
				03947940283ECC47000E75C8 /* LogInViewController.xib */,
				03947941283ECC47000E75C8 /* LogInViewController.swift */,
			);
			path = View;
			sourceTree = "<group>";
		};
		F6CD079B283F3276003906B0 /* Service */ = {
			isa = PBXGroup;
			children = (
				F6CD079C283F328C003906B0 /* LoginService.swift */,
			);
			path = Service;
			sourceTree = "<group>";
		};
		F6CD079E283F3F04003906B0 /* Model */ = {
			isa = PBXGroup;
			children = (
				F6CD079F283F3F15003906B0 /* LoginUserResponse.swift */,
				F68C14DF283FC45300591D97 /* LoginUser.swift */,
			);
			path = Model;
			sourceTree = "<group>";
		};
/* End PBXGroup section */

/* Begin PBXNativeTarget section */
		03398C5B27DFDFCC001BC793 /* SwiftTemplate */ = {
			isa = PBXNativeTarget;
			buildConfigurationList = 03398C7027DFDFCD001BC793 /* Build configuration list for PBXNativeTarget "SwiftTemplate" */;
			buildPhases = (
				7552051B9DA8B82C996F2DC1 /* [CP] Check Pods Manifest.lock */,
				03398C5827DFDFCC001BC793 /* Sources */,
				03398C5927DFDFCC001BC793 /* Frameworks */,
				03398C5A27DFDFCC001BC793 /* Resources */,
				3E00FD24922111597BDCB6EA /* [CP] Embed Pods Frameworks */,
			);
			buildRules = (
			);
			dependencies = (
			);
			name = SwiftTemplate;
			productName = SwiftTemplate;
			productReference = 03398C5C27DFDFCC001BC793 /* SwiftTemplate.app */;
			productType = "com.apple.product-type.application";
		};
		F63605B2284110320078F12E /* Test_API_Login */ = {
			isa = PBXNativeTarget;
			buildConfigurationList = F63605BB284110320078F12E /* Build configuration list for PBXNativeTarget "Test_API_Login" */;
			buildPhases = (
				F63605AF284110320078F12E /* Sources */,
				F63605B0284110320078F12E /* Frameworks */,
				F63605B1284110320078F12E /* Resources */,
			);
			buildRules = (
			);
			dependencies = (
				F63605B8284110320078F12E /* PBXTargetDependency */,
			);
			name = Test_API_Login;
			productName = Test_API_Login;
			productReference = F63605B3284110320078F12E /* Test_API_Login.xctest */;
			productType = "com.apple.product-type.bundle.unit-test";
		};
/* End PBXNativeTarget section */

/* Begin PBXProject section */
		03398C5427DFDFCC001BC793 /* Project object */ = {
			isa = PBXProject;
			attributes = {
				BuildIndependentTargetsInParallel = 1;
				LastSwiftUpdateCheck = 1330;
				LastUpgradeCheck = 1320;
				TargetAttributes = {
					03398C5B27DFDFCC001BC793 = {
						CreatedOnToolsVersion = 13.2.1;
					};
					F63605B2284110320078F12E = {
						CreatedOnToolsVersion = 13.3.1;
						TestTargetID = 03398C5B27DFDFCC001BC793;
					};
				};
			};
			buildConfigurationList = 03398C5727DFDFCC001BC793 /* Build configuration list for PBXProject "SwiftTemplate" */;
			compatibilityVersion = "Xcode 13.0";
			developmentRegion = en;
			hasScannedForEncodings = 0;
			knownRegions = (
				en,
				Base,
			);
			mainGroup = 03398C5327DFDFCC001BC793;
			productRefGroup = 03398C5D27DFDFCC001BC793 /* Products */;
			projectDirPath = "";
			projectRoot = "";
			targets = (
				03398C5B27DFDFCC001BC793 /* SwiftTemplate */,
				F63605B2284110320078F12E /* Test_API_Login */,
			);
		};
/* End PBXProject section */

/* Begin PBXResourcesBuildPhase section */
		03398C5A27DFDFCC001BC793 /* Resources */ = {
			isa = PBXResourcesBuildPhase;
			buildActionMask = 2147483647;
			files = (
				03398C6C27DFDFCD001BC793 /* LaunchScreen.storyboard in Resources */,
				03398C6927DFDFCD001BC793 /* Assets.xcassets in Resources */,
				03947943283ECC47000E75C8 /* LogInViewController.xib in Resources */,
			);
			runOnlyForDeploymentPostprocessing = 0;
		};
		F63605B1284110320078F12E /* Resources */ = {
			isa = PBXResourcesBuildPhase;
			buildActionMask = 2147483647;
			files = (
			);
			runOnlyForDeploymentPostprocessing = 0;
		};
/* End PBXResourcesBuildPhase section */

/* Begin PBXShellScriptBuildPhase section */
		3E00FD24922111597BDCB6EA /* [CP] Embed Pods Frameworks */ = {
			isa = PBXShellScriptBuildPhase;
			buildActionMask = 2147483647;
			files = (
			);
			inputFileListPaths = (
				"${PODS_ROOT}/Target Support Files/Pods-SwiftTemplate/Pods-SwiftTemplate-frameworks-${CONFIGURATION}-input-files.xcfilelist",
			);
			name = "[CP] Embed Pods Frameworks";
			outputFileListPaths = (
				"${PODS_ROOT}/Target Support Files/Pods-SwiftTemplate/Pods-SwiftTemplate-frameworks-${CONFIGURATION}-output-files.xcfilelist",
			);
			runOnlyForDeploymentPostprocessing = 0;
			shellPath = /bin/sh;
			shellScript = "\"${PODS_ROOT}/Target Support Files/Pods-SwiftTemplate/Pods-SwiftTemplate-frameworks.sh\"\n";
			showEnvVarsInLog = 0;
		};
		7552051B9DA8B82C996F2DC1 /* [CP] Check Pods Manifest.lock */ = {
			isa = PBXShellScriptBuildPhase;
			buildActionMask = 2147483647;
			files = (
			);
			inputFileListPaths = (
			);
			inputPaths = (
				"${PODS_PODFILE_DIR_PATH}/Podfile.lock",
				"${PODS_ROOT}/Manifest.lock",
			);
			name = "[CP] Check Pods Manifest.lock";
			outputFileListPaths = (
			);
			outputPaths = (
				"$(DERIVED_FILE_DIR)/Pods-SwiftTemplate-checkManifestLockResult.txt",
			);
			runOnlyForDeploymentPostprocessing = 0;
			shellPath = /bin/sh;
			shellScript = "diff \"${PODS_PODFILE_DIR_PATH}/Podfile.lock\" \"${PODS_ROOT}/Manifest.lock\" > /dev/null\nif [ $? != 0 ] ; then\n    # print error to STDERR\n    echo \"error: The sandbox is not in sync with the Podfile.lock. Run 'pod install' or update your CocoaPods installation.\" >&2\n    exit 1\nfi\n# This output is used by Xcode 'outputs' to avoid re-running this script phase.\necho \"SUCCESS\" > \"${SCRIPT_OUTPUT_FILE_0}\"\n";
			showEnvVarsInLog = 0;
		};
/* End PBXShellScriptBuildPhase section */

/* Begin PBXSourcesBuildPhase section */
		03398C5827DFDFCC001BC793 /* Sources */ = {
			isa = PBXSourcesBuildPhase;
			buildActionMask = 2147483647;
			files = (
				03947942283ECC47000E75C8 /* SignupViewController.swift in Sources */,
				F6CD0798283F2EA3003906B0 /* ApiManager.swift in Sources */,
				F66A1739283DCF6A0064DD56 /* (null) in Sources */,
				03398C6427DFDFCC001BC793 /* ViewController.swift in Sources */,
				F6CD07A0283F3F15003906B0 /* LoginUserResponse.swift in Sources */,
				03947947283ECCBE000E75C8 /* Extensions.swift in Sources */,
				F68C14E0283FC45300591D97 /* LoginUser.swift in Sources */,
				F646C7E828446933009FBCA7 /* ApiError.swift in Sources */,
				03947944283ECC47000E75C8 /* LogInViewController.swift in Sources */,
				F68C14E3283FC8E700591D97 /* LoginViewModel.swift in Sources */,
				03398C6027DFDFCC001BC793 /* AppDelegate.swift in Sources */,
				F6CD079D283F328C003906B0 /* LoginService.swift in Sources */,
				F66A1738283DCF6A0064DD56 /* (null) in Sources */,
				03398C6227DFDFCC001BC793 /* SceneDelegate.swift in Sources */,
			);
			runOnlyForDeploymentPostprocessing = 0;
		};
		F63605AF284110320078F12E /* Sources */ = {
			isa = PBXSourcesBuildPhase;
			buildActionMask = 2147483647;
			files = (
				F63605B6284110320078F12E /* Test_API_Login.swift in Sources */,
			);
			runOnlyForDeploymentPostprocessing = 0;
		};
/* End PBXSourcesBuildPhase section */

/* Begin PBXTargetDependency section */
		F63605B8284110320078F12E /* PBXTargetDependency */ = {
			isa = PBXTargetDependency;
			target = 03398C5B27DFDFCC001BC793 /* SwiftTemplate */;
			targetProxy = F63605B7284110320078F12E /* PBXContainerItemProxy */;
		};
/* End PBXTargetDependency section */

/* Begin PBXVariantGroup section */
		03398C6A27DFDFCD001BC793 /* LaunchScreen.storyboard */ = {
			isa = PBXVariantGroup;
			children = (
			);
			name = LaunchScreen.storyboard;
			sourceTree = "<group>";
		};
/* End PBXVariantGroup section */

/* Begin XCBuildConfiguration section */
		03398C6E27DFDFCD001BC793 /* Debug */ = {
			isa = XCBuildConfiguration;
			buildSettings = {
				ALWAYS_SEARCH_USER_PATHS = NO;
				CLANG_ANALYZER_NONNULL = YES;
				CLANG_ANALYZER_NUMBER_OBJECT_CONVERSION = YES_AGGRESSIVE;
				CLANG_CXX_LANGUAGE_STANDARD = "gnu++17";
				CLANG_CXX_LIBRARY = "libc++";
				CLANG_ENABLE_MODULES = YES;
				CLANG_ENABLE_OBJC_ARC = YES;
				CLANG_ENABLE_OBJC_WEAK = YES;
				CLANG_WARN_BLOCK_CAPTURE_AUTORELEASING = YES;
				CLANG_WARN_BOOL_CONVERSION = YES;
				CLANG_WARN_COMMA = YES;
				CLANG_WARN_CONSTANT_CONVERSION = YES;
				CLANG_WARN_DEPRECATED_OBJC_IMPLEMENTATIONS = YES;
				CLANG_WARN_DIRECT_OBJC_ISA_USAGE = YES_ERROR;
				CLANG_WARN_DOCUMENTATION_COMMENTS = YES;
				CLANG_WARN_EMPTY_BODY = YES;
				CLANG_WARN_ENUM_CONVERSION = YES;
				CLANG_WARN_INFINITE_RECURSION = YES;
				CLANG_WARN_INT_CONVERSION = YES;
				CLANG_WARN_NON_LITERAL_NULL_CONVERSION = YES;
				CLANG_WARN_OBJC_IMPLICIT_RETAIN_SELF = YES;
				CLANG_WARN_OBJC_LITERAL_CONVERSION = YES;
				CLANG_WARN_OBJC_ROOT_CLASS = YES_ERROR;
				CLANG_WARN_QUOTED_INCLUDE_IN_FRAMEWORK_HEADER = YES;
				CLANG_WARN_RANGE_LOOP_ANALYSIS = YES;
				CLANG_WARN_STRICT_PROTOTYPES = YES;
				CLANG_WARN_SUSPICIOUS_MOVE = YES;
				CLANG_WARN_UNGUARDED_AVAILABILITY = YES_AGGRESSIVE;
				CLANG_WARN_UNREACHABLE_CODE = YES;
				CLANG_WARN__DUPLICATE_METHOD_MATCH = YES;
				COPY_PHASE_STRIP = NO;
				DEBUG_INFORMATION_FORMAT = dwarf;
				ENABLE_STRICT_OBJC_MSGSEND = YES;
				ENABLE_TESTABILITY = YES;
				GCC_C_LANGUAGE_STANDARD = gnu11;
				GCC_DYNAMIC_NO_PIC = NO;
				GCC_NO_COMMON_BLOCKS = YES;
				GCC_OPTIMIZATION_LEVEL = 0;
				GCC_PREPROCESSOR_DEFINITIONS = (
					"DEBUG=1",
					"$(inherited)",
				);
				GCC_WARN_64_TO_32_BIT_CONVERSION = YES;
				GCC_WARN_ABOUT_RETURN_TYPE = YES_ERROR;
				GCC_WARN_UNDECLARED_SELECTOR = YES;
				GCC_WARN_UNINITIALIZED_AUTOS = YES_AGGRESSIVE;
				GCC_WARN_UNUSED_FUNCTION = YES;
				GCC_WARN_UNUSED_VARIABLE = YES;
				IPHONEOS_DEPLOYMENT_TARGET = 13.0;
				MTL_ENABLE_DEBUG_INFO = INCLUDE_SOURCE;
				MTL_FAST_MATH = YES;
				ONLY_ACTIVE_ARCH = YES;
				SDKROOT = iphoneos;
				SWIFT_ACTIVE_COMPILATION_CONDITIONS = DEBUG;
				SWIFT_OPTIMIZATION_LEVEL = "-Onone";
			};
			name = Debug;
		};
		03398C6F27DFDFCD001BC793 /* Release */ = {
			isa = XCBuildConfiguration;
			buildSettings = {
				ALWAYS_SEARCH_USER_PATHS = NO;
				CLANG_ANALYZER_NONNULL = YES;
				CLANG_ANALYZER_NUMBER_OBJECT_CONVERSION = YES_AGGRESSIVE;
				CLANG_CXX_LANGUAGE_STANDARD = "gnu++17";
				CLANG_CXX_LIBRARY = "libc++";
				CLANG_ENABLE_MODULES = YES;
				CLANG_ENABLE_OBJC_ARC = YES;
				CLANG_ENABLE_OBJC_WEAK = YES;
				CLANG_WARN_BLOCK_CAPTURE_AUTORELEASING = YES;
				CLANG_WARN_BOOL_CONVERSION = YES;
				CLANG_WARN_COMMA = YES;
				CLANG_WARN_CONSTANT_CONVERSION = YES;
				CLANG_WARN_DEPRECATED_OBJC_IMPLEMENTATIONS = YES;
				CLANG_WARN_DIRECT_OBJC_ISA_USAGE = YES_ERROR;
				CLANG_WARN_DOCUMENTATION_COMMENTS = YES;
				CLANG_WARN_EMPTY_BODY = YES;
				CLANG_WARN_ENUM_CONVERSION = YES;
				CLANG_WARN_INFINITE_RECURSION = YES;
				CLANG_WARN_INT_CONVERSION = YES;
				CLANG_WARN_NON_LITERAL_NULL_CONVERSION = YES;
				CLANG_WARN_OBJC_IMPLICIT_RETAIN_SELF = YES;
				CLANG_WARN_OBJC_LITERAL_CONVERSION = YES;
				CLANG_WARN_OBJC_ROOT_CLASS = YES_ERROR;
				CLANG_WARN_QUOTED_INCLUDE_IN_FRAMEWORK_HEADER = YES;
				CLANG_WARN_RANGE_LOOP_ANALYSIS = YES;
				CLANG_WARN_STRICT_PROTOTYPES = YES;
				CLANG_WARN_SUSPICIOUS_MOVE = YES;
				CLANG_WARN_UNGUARDED_AVAILABILITY = YES_AGGRESSIVE;
				CLANG_WARN_UNREACHABLE_CODE = YES;
				CLANG_WARN__DUPLICATE_METHOD_MATCH = YES;
				COPY_PHASE_STRIP = NO;
				DEBUG_INFORMATION_FORMAT = "dwarf-with-dsym";
				ENABLE_NS_ASSERTIONS = NO;
				ENABLE_STRICT_OBJC_MSGSEND = YES;
				GCC_C_LANGUAGE_STANDARD = gnu11;
				GCC_NO_COMMON_BLOCKS = YES;
				GCC_WARN_64_TO_32_BIT_CONVERSION = YES;
				GCC_WARN_ABOUT_RETURN_TYPE = YES_ERROR;
				GCC_WARN_UNDECLARED_SELECTOR = YES;
				GCC_WARN_UNINITIALIZED_AUTOS = YES_AGGRESSIVE;
				GCC_WARN_UNUSED_FUNCTION = YES;
				GCC_WARN_UNUSED_VARIABLE = YES;
				IPHONEOS_DEPLOYMENT_TARGET = 13.0;
				MTL_ENABLE_DEBUG_INFO = NO;
				MTL_FAST_MATH = YES;
				SDKROOT = iphoneos;
				SWIFT_COMPILATION_MODE = wholemodule;
				SWIFT_OPTIMIZATION_LEVEL = "-O";
				VALIDATE_PRODUCT = YES;
			};
			name = Release;
		};
		03398C7127DFDFCD001BC793 /* Debug */ = {
			isa = XCBuildConfiguration;
			baseConfigurationReference = 7B24C2AE42A825E5C2CC1F74 /* Pods-SwiftTemplate.debug.xcconfig */;
			buildSettings = {
				ASSETCATALOG_COMPILER_APPICON_NAME = AppIcon;
				ASSETCATALOG_COMPILER_GLOBAL_ACCENT_COLOR_NAME = AccentColor;
				CODE_SIGN_STYLE = Automatic;
				CURRENT_PROJECT_VERSION = 1;
				GENERATE_INFOPLIST_FILE = YES;
				INFOPLIST_FILE = SwiftTemplate/Info.plist;
				INFOPLIST_KEY_UIApplicationSupportsIndirectInputEvents = YES;
				INFOPLIST_KEY_UILaunchStoryboardName = LaunchScreen;
				INFOPLIST_KEY_UISupportedInterfaceOrientations_iPad = "UIInterfaceOrientationPortrait UIInterfaceOrientationPortraitUpsideDown UIInterfaceOrientationLandscapeLeft UIInterfaceOrientationLandscapeRight";
				INFOPLIST_KEY_UISupportedInterfaceOrientations_iPhone = "UIInterfaceOrientationPortrait UIInterfaceOrientationLandscapeLeft UIInterfaceOrientationLandscapeRight";
				LD_RUNPATH_SEARCH_PATHS = (
					"$(inherited)",
					"@executable_path/Frameworks",
				);
				MARKETING_VERSION = 1.0;
				PRODUCT_BUNDLE_IDENTIFIER = com.Alkemy.SwiftTemplate;
				PRODUCT_NAME = "$(TARGET_NAME)";
				SWIFT_EMIT_LOC_STRINGS = YES;
				SWIFT_VERSION = 5.0;
				TARGETED_DEVICE_FAMILY = "1,2";
			};
			name = Debug;
		};
		03398C7227DFDFCD001BC793 /* Release */ = {
			isa = XCBuildConfiguration;
			baseConfigurationReference = DB424982D8A4C74749B462DC /* Pods-SwiftTemplate.release.xcconfig */;
			buildSettings = {
				ASSETCATALOG_COMPILER_APPICON_NAME = AppIcon;
				ASSETCATALOG_COMPILER_GLOBAL_ACCENT_COLOR_NAME = AccentColor;
				CODE_SIGN_STYLE = Automatic;
				CURRENT_PROJECT_VERSION = 1;
				GENERATE_INFOPLIST_FILE = YES;
				INFOPLIST_FILE = SwiftTemplate/Info.plist;
				INFOPLIST_KEY_UIApplicationSupportsIndirectInputEvents = YES;
				INFOPLIST_KEY_UILaunchStoryboardName = LaunchScreen;
				INFOPLIST_KEY_UISupportedInterfaceOrientations_iPad = "UIInterfaceOrientationPortrait UIInterfaceOrientationPortraitUpsideDown UIInterfaceOrientationLandscapeLeft UIInterfaceOrientationLandscapeRight";
				INFOPLIST_KEY_UISupportedInterfaceOrientations_iPhone = "UIInterfaceOrientationPortrait UIInterfaceOrientationLandscapeLeft UIInterfaceOrientationLandscapeRight";
				LD_RUNPATH_SEARCH_PATHS = (
					"$(inherited)",
					"@executable_path/Frameworks",
				);
				MARKETING_VERSION = 1.0;
				PRODUCT_BUNDLE_IDENTIFIER = com.Alkemy.SwiftTemplate;
				PRODUCT_NAME = "$(TARGET_NAME)";
				SWIFT_EMIT_LOC_STRINGS = YES;
				SWIFT_VERSION = 5.0;
				TARGETED_DEVICE_FAMILY = "1,2";
			};
			name = Release;
		};
		F63605B9284110320078F12E /* Debug */ = {
			isa = XCBuildConfiguration;
			buildSettings = {
				BUNDLE_LOADER = "$(TEST_HOST)";
				CODE_SIGN_STYLE = Automatic;
				CURRENT_PROJECT_VERSION = 1;
				DEVELOPMENT_TEAM = N5B5236N46;
				GENERATE_INFOPLIST_FILE = YES;
				IPHONEOS_DEPLOYMENT_TARGET = 15.4;
				MARKETING_VERSION = 1.0;
				PRODUCT_BUNDLE_IDENTIFIER = "com.sancricca.Test-API-Login";
				PRODUCT_NAME = "$(TARGET_NAME)";
				SWIFT_EMIT_LOC_STRINGS = NO;
				SWIFT_VERSION = 5.0;
				TARGETED_DEVICE_FAMILY = "1,2";
				TEST_HOST = "$(BUILT_PRODUCTS_DIR)/SwiftTemplate.app/SwiftTemplate";
			};
			name = Debug;
		};
		F63605BA284110320078F12E /* Release */ = {
			isa = XCBuildConfiguration;
			buildSettings = {
				BUNDLE_LOADER = "$(TEST_HOST)";
				CODE_SIGN_STYLE = Automatic;
				CURRENT_PROJECT_VERSION = 1;
				DEVELOPMENT_TEAM = N5B5236N46;
				GENERATE_INFOPLIST_FILE = YES;
				IPHONEOS_DEPLOYMENT_TARGET = 15.4;
				MARKETING_VERSION = 1.0;
				PRODUCT_BUNDLE_IDENTIFIER = "com.sancricca.Test-API-Login";
				PRODUCT_NAME = "$(TARGET_NAME)";
				SWIFT_EMIT_LOC_STRINGS = NO;
				SWIFT_VERSION = 5.0;
				TARGETED_DEVICE_FAMILY = "1,2";
				TEST_HOST = "$(BUILT_PRODUCTS_DIR)/SwiftTemplate.app/SwiftTemplate";
			};
			name = Release;
		};
/* End XCBuildConfiguration section */

/* Begin XCConfigurationList section */
		03398C5727DFDFCC001BC793 /* Build configuration list for PBXProject "SwiftTemplate" */ = {
			isa = XCConfigurationList;
			buildConfigurations = (
				03398C6E27DFDFCD001BC793 /* Debug */,
				03398C6F27DFDFCD001BC793 /* Release */,
			);
			defaultConfigurationIsVisible = 0;
			defaultConfigurationName = Release;
		};
		03398C7027DFDFCD001BC793 /* Build configuration list for PBXNativeTarget "SwiftTemplate" */ = {
			isa = XCConfigurationList;
			buildConfigurations = (
				03398C7127DFDFCD001BC793 /* Debug */,
				03398C7227DFDFCD001BC793 /* Release */,
			);
			defaultConfigurationIsVisible = 0;
			defaultConfigurationName = Release;
		};
		F63605BB284110320078F12E /* Build configuration list for PBXNativeTarget "Test_API_Login" */ = {
			isa = XCConfigurationList;
			buildConfigurations = (
				F63605B9284110320078F12E /* Debug */,
				F63605BA284110320078F12E /* Release */,
			);
			defaultConfigurationIsVisible = 0;
			defaultConfigurationName = Release;
		};
/* End XCConfigurationList section */
	};
	rootObject = 03398C5427DFDFCC001BC793 /* Project object */;
}
